
Microsoft Visual Studio Solution File, Format Version 12.00
# Visual Studio 14
VisualStudioVersion = 14.0.25420.1
MinimumVisualStudioVersion = 10.0.40219.1
Project("{FAE04EC0-301F-11D3-BF4B-00C04F79EFBC}") = "HSPI", "HSPI\HSPI.csproj", "{5A16BE5F-4498-4AF1-9C59-3DB79662EBD7}"
EndProject
Project("{2150E333-8FDC-42A3-9474-1A3956D46DE8}") = "Solution Items", "Solution Items", "{C3AF5F1F-6760-4728-B04D-753404501E48}"
	ProjectSection(SolutionItems) = preProject
		copy-devtotemplate.ps1 = copy-devtotemplate.ps1
		package-nuget.ps1 = package-nuget.ps1
		package-template.ps1 = package-template.ps1
		test-template.ps1 = test-template.ps1
		update-vsixversion.ps1 = update-vsixversion.ps1
	EndProjectSection
EndProject
Project("{2150E333-8FDC-42A3-9474-1A3956D46DE8}") = "Templates", "Templates", "{85A80E33-7B0C-4913-A709-F98A7F32829A}"
EndProject
Project("{FAE04EC0-301F-11D3-BF4B-00C04F79EFBC}") = "HomeSeerTemplates", "Templates\HomeSeerTemplates\HomeSeerTemplates.csproj", "{B2550542-2064-4520-B79F-9A3685D6A0CE}"
EndProject
Project("{FAE04EC0-301F-11D3-BF4B-00C04F79EFBC}") = "HSPIPluginA", "Templates\HSPIPluginA\HSPIPluginA.csproj", "{56725C85-3A26-4FA9-9CE4-CACDDEFF9603}"
EndProject
Project("{FAE04EC0-301F-11D3-BF4B-00C04F79EFBC}") = "HSPIPluginA.Dev", "Templates\HSPIPluginA.Dev\HSPIPluginA.Dev.csproj", "{CAA3F9D3-4647-48DE-8BA7-32AC317B046D}"
EndProject
Project("{FAE04EC0-301F-11D3-BF4B-00C04F79EFBC}") = "HSPIPluginB.Dev", "Templates\HSPIPluginB.Dev\HSPIPluginB.Dev.csproj", "{8F609EDB-0CFF-4B67-A7ED-265331C90F91}"
EndProject
Project("{FAE04EC0-301F-11D3-BF4B-00C04F79EFBC}") = "HSPIPluginB", "Templates\HSPIPluginB\HSPIPluginB.csproj", "{B00BD583-D633-4CA1-B66C-EA78BC906023}"
EndProject
Global
	GlobalSection(SolutionConfigurationPlatforms) = preSolution
		Debug|Any CPU = Debug|Any CPU
		Release|Any CPU = Release|Any CPU
	EndGlobalSection
	GlobalSection(ProjectConfigurationPlatforms) = postSolution
		{5A16BE5F-4498-4AF1-9C59-3DB79662EBD7}.Debug|Any CPU.ActiveCfg = Debug|Any CPU
		{5A16BE5F-4498-4AF1-9C59-3DB79662EBD7}.Debug|Any CPU.Build.0 = Debug|Any CPU
		{5A16BE5F-4498-4AF1-9C59-3DB79662EBD7}.Release|Any CPU.ActiveCfg = Release|Any CPU
		{5A16BE5F-4498-4AF1-9C59-3DB79662EBD7}.Release|Any CPU.Build.0 = Release|Any CPU
		{B2550542-2064-4520-B79F-9A3685D6A0CE}.Debug|Any CPU.ActiveCfg = Debug|Any CPU
		{B2550542-2064-4520-B79F-9A3685D6A0CE}.Debug|Any CPU.Build.0 = Debug|Any CPU
		{B2550542-2064-4520-B79F-9A3685D6A0CE}.Release|Any CPU.ActiveCfg = Release|Any CPU
		{B2550542-2064-4520-B79F-9A3685D6A0CE}.Release|Any CPU.Build.0 = Release|Any CPU
		{56725C85-3A26-4FA9-9CE4-CACDDEFF9603}.Debug|Any CPU.ActiveCfg = Debug|Any CPU
		{56725C85-3A26-4FA9-9CE4-CACDDEFF9603}.Debug|Any CPU.Build.0 = Debug|Any CPU
		{56725C85-3A26-4FA9-9CE4-CACDDEFF9603}.Release|Any CPU.ActiveCfg = Release|Any CPU
		{56725C85-3A26-4FA9-9CE4-CACDDEFF9603}.Release|Any CPU.Build.0 = Release|Any CPU
		{CAA3F9D3-4647-48DE-8BA7-32AC317B046D}.Debug|Any CPU.ActiveCfg = Debug|Any CPU
		{CAA3F9D3-4647-48DE-8BA7-32AC317B046D}.Debug|Any CPU.Build.0 = Debug|Any CPU
		{CAA3F9D3-4647-48DE-8BA7-32AC317B046D}.Release|Any CPU.ActiveCfg = Release|Any CPU
		{CAA3F9D3-4647-48DE-8BA7-32AC317B046D}.Release|Any CPU.Build.0 = Release|Any CPU
		{8F609EDB-0CFF-4B67-A7ED-265331C90F91}.Debug|Any CPU.ActiveCfg = Debug|Any CPU
		{8F609EDB-0CFF-4B67-A7ED-265331C90F91}.Debug|Any CPU.Build.0 = Debug|Any CPU
		{8F609EDB-0CFF-4B67-A7ED-265331C90F91}.Release|Any CPU.ActiveCfg = Release|Any CPU
		{8F609EDB-0CFF-4B67-A7ED-265331C90F91}.Release|Any CPU.Build.0 = Release|Any CPU
		{B00BD583-D633-4CA1-B66C-EA78BC906023}.Debug|Any CPU.ActiveCfg = Debug|Any CPU
		{B00BD583-D633-4CA1-B66C-EA78BC906023}.Debug|Any CPU.Build.0 = Debug|Any CPU
		{B00BD583-D633-4CA1-B66C-EA78BC906023}.Release|Any CPU.ActiveCfg = Release|Any CPU
		{B00BD583-D633-4CA1-B66C-EA78BC906023}.Release|Any CPU.Build.0 = Release|Any CPU
	EndGlobalSection
	GlobalSection(SolutionProperties) = preSolution
		HideSolutionNode = FALSE
	EndGlobalSection
	GlobalSection(NestedProjects) = preSolution
		{B2550542-2064-4520-B79F-9A3685D6A0CE} = {85A80E33-7B0C-4913-A709-F98A7F32829A}
		{56725C85-3A26-4FA9-9CE4-CACDDEFF9603} = {85A80E33-7B0C-4913-A709-F98A7F32829A}
		{CAA3F9D3-4647-48DE-8BA7-32AC317B046D} = {85A80E33-7B0C-4913-A709-F98A7F32829A}
		{8F609EDB-0CFF-4B67-A7ED-265331C90F91} = {85A80E33-7B0C-4913-A709-F98A7F32829A}
		{B00BD583-D633-4CA1-B66C-EA78BC906023} = {85A80E33-7B0C-4913-A709-F98A7F32829A}
	EndGlobalSection
EndGlobal
