
Microsoft Visual Studio Solution File, Format Version 12.00
# Visual Studio 15
VisualStudioVersion = 15.0.26228.4
MinimumVisualStudioVersion = 10.0.40219.1
Project("{2150E333-8FDC-42A3-9474-1A3956D46DE8}") = "Solution Items", "Solution Items", "{C3AF5F1F-6760-4728-B04D-753404501E48}"
	ProjectSection(SolutionItems) = preProject
		copy-devtotemplate.ps1 = copy-devtotemplate.ps1
		Default.ruleset = Default.ruleset
		package-nuget.ps1 = package-nuget.ps1
		package-template.ps1 = package-template.ps1
		test-template.ps1 = test-template.ps1
		update-vsixversion.ps1 = update-vsixversion.ps1
	EndProjectSection
EndProject
Project("{2150E333-8FDC-42A3-9474-1A3956D46DE8}") = "Templates", "Templates", "{85A80E33-7B0C-4913-A709-F98A7F32829A}"
EndProject
Project("{FAE04EC0-301F-11D3-BF4B-00C04F79EFBC}") = "HSPI", "HSPI\HSPI.csproj", "{5A16BE5F-4498-4AF1-9C59-3DB79662EBD7}"
EndProject
Project("{FAE04EC0-301F-11D3-BF4B-00C04F79EFBC}") = "HomeSeerTemplates", "Templates\HomeSeerTemplates\HomeSeerTemplates.csproj", "{B2550542-2064-4520-B79F-9A3685D6A0CE}"
EndProject
Project("{FAE04EC0-301F-11D3-BF4B-00C04F79EFBC}") = "HSPIPluginA", "Templates\HSPIPluginA\HSPIPluginA.csproj", "{56725C85-3A26-4FA9-9CE4-CACDDEFF9603}"
EndProject
Project("{FAE04EC0-301F-11D3-BF4B-00C04F79EFBC}") = "HSPIPluginA.Dev", "Templates\HSPIPluginA.Dev\HSPIPluginA.Dev.csproj", "{CAA3F9D3-4647-48DE-8BA7-32AC317B046D}"
EndProject
Project("{FAE04EC0-301F-11D3-BF4B-00C04F79EFBC}") = "HSPIPluginB.Dev", "Templates\HSPIPluginB.Dev\HSPIPluginB.Dev.csproj", "{8F609EDB-0CFF-4B67-A7ED-265331C90F91}"
EndProject
Project("{FAE04EC0-301F-11D3-BF4B-00C04F79EFBC}") = "HSPIPluginB", "Templates\HSPIPluginB\HSPIPluginB.csproj", "{B00BD583-D633-4CA1-B66C-EA78BC906023}"
EndProject
Project("{F184B08F-C81C-45F6-A57F-5ABD9991F28F}") = "HspiSampleBasic", "Templates\HspiSampleBasic\HspiSampleBasic.vbproj", "{A7D38B6C-9F00-4D20-9D3F-30069E317421}"
EndProject
Project("{F184B08F-C81C-45F6-A57F-5ABD9991F28F}") = "HspiSampleBasic.Dev", "Templates\HspiSampleBasic.Dev\HspiSampleBasic.Dev.vbproj", "{64189C38-D99C-4799-9C63-1E7AD7A83F5A}"
EndProject
Project("{F184B08F-C81C-45F6-A57F-5ABD9991F28F}") = "HspiSample.Dev", "Templates\HspiSample.Dev\HspiSample.Dev.vbproj", "{F7A35F28-7139-4D58-A03A-031BD2E8C1C2}"
EndProject
Project("{F184B08F-C81C-45F6-A57F-5ABD9991F28F}") = "HspiSampleMultipleInstance.Dev", "Templates\HspiSampleMultipleInstance.Dev\HspiSampleMultipleInstance.Dev.vbproj", "{61925623-4286-4ABF-A792-D5029A2114FB}"
EndProject
Project("{F184B08F-C81C-45F6-A57F-5ABD9991F28F}") = "HspiSampleTemplate.Dev", "Templates\HspiSampleTemplate.Dev\HspiSampleTemplate.Dev.vbproj", "{A3B6D762-301C-41C3-8C70-1924E89BA9A5}"
EndProject
Project("{F184B08F-C81C-45F6-A57F-5ABD9991F28F}") = "HspiSample", "Templates\HspiSample\HspiSample.vbproj", "{22AF75E4-F77B-4C29-B591-4B771C52CF49}"
EndProject
Project("{F184B08F-C81C-45F6-A57F-5ABD9991F28F}") = "HspiSampleMultipleInstance", "Templates\HspiSampleMultipleInstance\HspiSampleMultipleInstance.vbproj", "{13BF9C3E-A6B1-4875-A08C-D255A2EF1086}"
EndProject
Project("{F184B08F-C81C-45F6-A57F-5ABD9991F28F}") = "HspiSampleTemplate", "Templates\HspiSampleTemplate\HspiSampleTemplate.vbproj", "{09900726-2DEA-411D-8369-1A1F6B3FD231}"
EndProject
Project("{2150E333-8FDC-42A3-9474-1A3956D46DE8}") = "CSharp", "CSharp", "{91502416-B0AF-45EA-80A5-A35F0A497096}"
EndProject
Project("{2150E333-8FDC-42A3-9474-1A3956D46DE8}") = "VBNET", "VBNET", "{9B5DF5E4-3486-4DE8-BEF8-3A41C413E14D}"
EndProject
Global
	GlobalSection(SolutionConfigurationPlatforms) = preSolution
		Debug|Any CPU = Debug|Any CPU
		Debug|x86 = Debug|x86
		HTZEES2|Any CPU = HTZEES2|Any CPU
		HTZEES2|x86 = HTZEES2|x86
		HTZEES2ASCII|Any CPU = HTZEES2ASCII|Any CPU
		HTZEES2ASCII|x86 = HTZEES2ASCII|x86
		Linux Debug|Any CPU = Linux Debug|Any CPU
		Linux Debug|x86 = Linux Debug|x86
		Linux Release SEL|Any CPU = Linux Release SEL|Any CPU
		Linux Release SEL|x86 = Linux Release SEL|x86
		Linux Release|Any CPU = Linux Release|Any CPU
		Linux Release|x86 = Linux Release|x86
		Linux Zee Debug|Any CPU = Linux Zee Debug|Any CPU
		Linux Zee Debug|x86 = Linux Zee Debug|x86
		Linux Zee Plus Release|Any CPU = Linux Zee Plus Release|Any CPU
		Linux Zee Plus Release|x86 = Linux Zee Plus Release|x86
		Linux Zee Release ASCII|Any CPU = Linux Zee Release ASCII|Any CPU
		Linux Zee Release ASCII|x86 = Linux Zee Release ASCII|x86
		Linux Zee Release|Any CPU = Linux Zee Release|Any CPU
		Linux Zee Release|x86 = Linux Zee Release|x86
		Linux ZeePlus Release|Any CPU = Linux ZeePlus Release|Any CPU
		Linux ZeePlus Release|x86 = Linux ZeePlus Release|x86
		Release|Any CPU = Release|Any CPU
		Release|x86 = Release|x86
	EndGlobalSection
	GlobalSection(ProjectConfigurationPlatforms) = postSolution
		{5A16BE5F-4498-4AF1-9C59-3DB79662EBD7}.Debug|Any CPU.ActiveCfg = Debug|Any CPU
		{5A16BE5F-4498-4AF1-9C59-3DB79662EBD7}.Debug|Any CPU.Build.0 = Debug|Any CPU
		{5A16BE5F-4498-4AF1-9C59-3DB79662EBD7}.Debug|x86.ActiveCfg = Debug|Any CPU
		{5A16BE5F-4498-4AF1-9C59-3DB79662EBD7}.Debug|x86.Build.0 = Debug|Any CPU
		{5A16BE5F-4498-4AF1-9C59-3DB79662EBD7}.HTZEES2|Any CPU.ActiveCfg = Release|Any CPU
		{5A16BE5F-4498-4AF1-9C59-3DB79662EBD7}.HTZEES2|Any CPU.Build.0 = Release|Any CPU
		{5A16BE5F-4498-4AF1-9C59-3DB79662EBD7}.HTZEES2|x86.ActiveCfg = Release|Any CPU
		{5A16BE5F-4498-4AF1-9C59-3DB79662EBD7}.HTZEES2|x86.Build.0 = Release|Any CPU
		{5A16BE5F-4498-4AF1-9C59-3DB79662EBD7}.HTZEES2ASCII|Any CPU.ActiveCfg = Release|Any CPU
		{5A16BE5F-4498-4AF1-9C59-3DB79662EBD7}.HTZEES2ASCII|Any CPU.Build.0 = Release|Any CPU
		{5A16BE5F-4498-4AF1-9C59-3DB79662EBD7}.HTZEES2ASCII|x86.ActiveCfg = Release|Any CPU
		{5A16BE5F-4498-4AF1-9C59-3DB79662EBD7}.HTZEES2ASCII|x86.Build.0 = Release|Any CPU
		{5A16BE5F-4498-4AF1-9C59-3DB79662EBD7}.Linux Debug|Any CPU.ActiveCfg = Debug|Any CPU
		{5A16BE5F-4498-4AF1-9C59-3DB79662EBD7}.Linux Debug|Any CPU.Build.0 = Debug|Any CPU
		{5A16BE5F-4498-4AF1-9C59-3DB79662EBD7}.Linux Debug|x86.ActiveCfg = Debug|Any CPU
		{5A16BE5F-4498-4AF1-9C59-3DB79662EBD7}.Linux Debug|x86.Build.0 = Debug|Any CPU
		{5A16BE5F-4498-4AF1-9C59-3DB79662EBD7}.Linux Release SEL|Any CPU.ActiveCfg = Release|Any CPU
		{5A16BE5F-4498-4AF1-9C59-3DB79662EBD7}.Linux Release SEL|Any CPU.Build.0 = Release|Any CPU
		{5A16BE5F-4498-4AF1-9C59-3DB79662EBD7}.Linux Release SEL|x86.ActiveCfg = Release|Any CPU
		{5A16BE5F-4498-4AF1-9C59-3DB79662EBD7}.Linux Release SEL|x86.Build.0 = Release|Any CPU
		{5A16BE5F-4498-4AF1-9C59-3DB79662EBD7}.Linux Release|Any CPU.ActiveCfg = Release|Any CPU
		{5A16BE5F-4498-4AF1-9C59-3DB79662EBD7}.Linux Release|Any CPU.Build.0 = Release|Any CPU
		{5A16BE5F-4498-4AF1-9C59-3DB79662EBD7}.Linux Release|x86.ActiveCfg = Release|Any CPU
		{5A16BE5F-4498-4AF1-9C59-3DB79662EBD7}.Linux Release|x86.Build.0 = Release|Any CPU
		{5A16BE5F-4498-4AF1-9C59-3DB79662EBD7}.Linux Zee Debug|Any CPU.ActiveCfg = Debug|Any CPU
		{5A16BE5F-4498-4AF1-9C59-3DB79662EBD7}.Linux Zee Debug|Any CPU.Build.0 = Debug|Any CPU
		{5A16BE5F-4498-4AF1-9C59-3DB79662EBD7}.Linux Zee Debug|x86.ActiveCfg = Debug|Any CPU
		{5A16BE5F-4498-4AF1-9C59-3DB79662EBD7}.Linux Zee Debug|x86.Build.0 = Debug|Any CPU
		{5A16BE5F-4498-4AF1-9C59-3DB79662EBD7}.Linux Zee Plus Release|Any CPU.ActiveCfg = Release|Any CPU
		{5A16BE5F-4498-4AF1-9C59-3DB79662EBD7}.Linux Zee Plus Release|Any CPU.Build.0 = Release|Any CPU
		{5A16BE5F-4498-4AF1-9C59-3DB79662EBD7}.Linux Zee Plus Release|x86.ActiveCfg = Release|Any CPU
		{5A16BE5F-4498-4AF1-9C59-3DB79662EBD7}.Linux Zee Plus Release|x86.Build.0 = Release|Any CPU
		{5A16BE5F-4498-4AF1-9C59-3DB79662EBD7}.Linux Zee Release ASCII|Any CPU.ActiveCfg = Release|Any CPU
		{5A16BE5F-4498-4AF1-9C59-3DB79662EBD7}.Linux Zee Release ASCII|Any CPU.Build.0 = Release|Any CPU
		{5A16BE5F-4498-4AF1-9C59-3DB79662EBD7}.Linux Zee Release ASCII|x86.ActiveCfg = Release|Any CPU
		{5A16BE5F-4498-4AF1-9C59-3DB79662EBD7}.Linux Zee Release ASCII|x86.Build.0 = Release|Any CPU
		{5A16BE5F-4498-4AF1-9C59-3DB79662EBD7}.Linux Zee Release|Any CPU.ActiveCfg = Release|Any CPU
		{5A16BE5F-4498-4AF1-9C59-3DB79662EBD7}.Linux Zee Release|Any CPU.Build.0 = Release|Any CPU
		{5A16BE5F-4498-4AF1-9C59-3DB79662EBD7}.Linux Zee Release|x86.ActiveCfg = Release|Any CPU
		{5A16BE5F-4498-4AF1-9C59-3DB79662EBD7}.Linux Zee Release|x86.Build.0 = Release|Any CPU
		{5A16BE5F-4498-4AF1-9C59-3DB79662EBD7}.Linux ZeePlus Release|Any CPU.ActiveCfg = Release|Any CPU
		{5A16BE5F-4498-4AF1-9C59-3DB79662EBD7}.Linux ZeePlus Release|Any CPU.Build.0 = Release|Any CPU
		{5A16BE5F-4498-4AF1-9C59-3DB79662EBD7}.Linux ZeePlus Release|x86.ActiveCfg = Release|Any CPU
		{5A16BE5F-4498-4AF1-9C59-3DB79662EBD7}.Linux ZeePlus Release|x86.Build.0 = Release|Any CPU
		{5A16BE5F-4498-4AF1-9C59-3DB79662EBD7}.Release|Any CPU.ActiveCfg = Release|Any CPU
		{5A16BE5F-4498-4AF1-9C59-3DB79662EBD7}.Release|Any CPU.Build.0 = Release|Any CPU
		{5A16BE5F-4498-4AF1-9C59-3DB79662EBD7}.Release|x86.ActiveCfg = Release|Any CPU
		{5A16BE5F-4498-4AF1-9C59-3DB79662EBD7}.Release|x86.Build.0 = Release|Any CPU
		{B2550542-2064-4520-B79F-9A3685D6A0CE}.Debug|Any CPU.ActiveCfg = Debug|Any CPU
		{B2550542-2064-4520-B79F-9A3685D6A0CE}.Debug|Any CPU.Build.0 = Debug|Any CPU
		{B2550542-2064-4520-B79F-9A3685D6A0CE}.Debug|x86.ActiveCfg = Debug|Any CPU
		{B2550542-2064-4520-B79F-9A3685D6A0CE}.Debug|x86.Build.0 = Debug|Any CPU
		{B2550542-2064-4520-B79F-9A3685D6A0CE}.HTZEES2|Any CPU.ActiveCfg = Release|Any CPU
		{B2550542-2064-4520-B79F-9A3685D6A0CE}.HTZEES2|Any CPU.Build.0 = Release|Any CPU
		{B2550542-2064-4520-B79F-9A3685D6A0CE}.HTZEES2|x86.ActiveCfg = Release|Any CPU
		{B2550542-2064-4520-B79F-9A3685D6A0CE}.HTZEES2|x86.Build.0 = Release|Any CPU
		{B2550542-2064-4520-B79F-9A3685D6A0CE}.HTZEES2ASCII|Any CPU.ActiveCfg = Release|Any CPU
		{B2550542-2064-4520-B79F-9A3685D6A0CE}.HTZEES2ASCII|Any CPU.Build.0 = Release|Any CPU
		{B2550542-2064-4520-B79F-9A3685D6A0CE}.HTZEES2ASCII|x86.ActiveCfg = Release|Any CPU
		{B2550542-2064-4520-B79F-9A3685D6A0CE}.HTZEES2ASCII|x86.Build.0 = Release|Any CPU
		{B2550542-2064-4520-B79F-9A3685D6A0CE}.Linux Debug|Any CPU.ActiveCfg = Debug|Any CPU
		{B2550542-2064-4520-B79F-9A3685D6A0CE}.Linux Debug|Any CPU.Build.0 = Debug|Any CPU
		{B2550542-2064-4520-B79F-9A3685D6A0CE}.Linux Debug|x86.ActiveCfg = Debug|Any CPU
		{B2550542-2064-4520-B79F-9A3685D6A0CE}.Linux Debug|x86.Build.0 = Debug|Any CPU
		{B2550542-2064-4520-B79F-9A3685D6A0CE}.Linux Release SEL|Any CPU.ActiveCfg = Release|Any CPU
		{B2550542-2064-4520-B79F-9A3685D6A0CE}.Linux Release SEL|Any CPU.Build.0 = Release|Any CPU
		{B2550542-2064-4520-B79F-9A3685D6A0CE}.Linux Release SEL|x86.ActiveCfg = Release|Any CPU
		{B2550542-2064-4520-B79F-9A3685D6A0CE}.Linux Release SEL|x86.Build.0 = Release|Any CPU
		{B2550542-2064-4520-B79F-9A3685D6A0CE}.Linux Release|Any CPU.ActiveCfg = Release|Any CPU
		{B2550542-2064-4520-B79F-9A3685D6A0CE}.Linux Release|Any CPU.Build.0 = Release|Any CPU
		{B2550542-2064-4520-B79F-9A3685D6A0CE}.Linux Release|x86.ActiveCfg = Release|Any CPU
		{B2550542-2064-4520-B79F-9A3685D6A0CE}.Linux Release|x86.Build.0 = Release|Any CPU
		{B2550542-2064-4520-B79F-9A3685D6A0CE}.Linux Zee Debug|Any CPU.ActiveCfg = Debug|Any CPU
		{B2550542-2064-4520-B79F-9A3685D6A0CE}.Linux Zee Debug|Any CPU.Build.0 = Debug|Any CPU
		{B2550542-2064-4520-B79F-9A3685D6A0CE}.Linux Zee Debug|x86.ActiveCfg = Debug|Any CPU
		{B2550542-2064-4520-B79F-9A3685D6A0CE}.Linux Zee Debug|x86.Build.0 = Debug|Any CPU
		{B2550542-2064-4520-B79F-9A3685D6A0CE}.Linux Zee Plus Release|Any CPU.ActiveCfg = Release|Any CPU
		{B2550542-2064-4520-B79F-9A3685D6A0CE}.Linux Zee Plus Release|Any CPU.Build.0 = Release|Any CPU
		{B2550542-2064-4520-B79F-9A3685D6A0CE}.Linux Zee Plus Release|x86.ActiveCfg = Release|Any CPU
		{B2550542-2064-4520-B79F-9A3685D6A0CE}.Linux Zee Plus Release|x86.Build.0 = Release|Any CPU
		{B2550542-2064-4520-B79F-9A3685D6A0CE}.Linux Zee Release ASCII|Any CPU.ActiveCfg = Release|Any CPU
		{B2550542-2064-4520-B79F-9A3685D6A0CE}.Linux Zee Release ASCII|Any CPU.Build.0 = Release|Any CPU
		{B2550542-2064-4520-B79F-9A3685D6A0CE}.Linux Zee Release ASCII|x86.ActiveCfg = Release|Any CPU
		{B2550542-2064-4520-B79F-9A3685D6A0CE}.Linux Zee Release ASCII|x86.Build.0 = Release|Any CPU
		{B2550542-2064-4520-B79F-9A3685D6A0CE}.Linux Zee Release|Any CPU.ActiveCfg = Release|Any CPU
		{B2550542-2064-4520-B79F-9A3685D6A0CE}.Linux Zee Release|Any CPU.Build.0 = Release|Any CPU
		{B2550542-2064-4520-B79F-9A3685D6A0CE}.Linux Zee Release|x86.ActiveCfg = Release|Any CPU
		{B2550542-2064-4520-B79F-9A3685D6A0CE}.Linux Zee Release|x86.Build.0 = Release|Any CPU
		{B2550542-2064-4520-B79F-9A3685D6A0CE}.Linux ZeePlus Release|Any CPU.ActiveCfg = Release|Any CPU
		{B2550542-2064-4520-B79F-9A3685D6A0CE}.Linux ZeePlus Release|Any CPU.Build.0 = Release|Any CPU
		{B2550542-2064-4520-B79F-9A3685D6A0CE}.Linux ZeePlus Release|x86.ActiveCfg = Release|Any CPU
		{B2550542-2064-4520-B79F-9A3685D6A0CE}.Linux ZeePlus Release|x86.Build.0 = Release|Any CPU
		{B2550542-2064-4520-B79F-9A3685D6A0CE}.Release|Any CPU.ActiveCfg = Release|Any CPU
		{B2550542-2064-4520-B79F-9A3685D6A0CE}.Release|Any CPU.Build.0 = Release|Any CPU
		{B2550542-2064-4520-B79F-9A3685D6A0CE}.Release|x86.ActiveCfg = Release|Any CPU
		{B2550542-2064-4520-B79F-9A3685D6A0CE}.Release|x86.Build.0 = Release|Any CPU
		{56725C85-3A26-4FA9-9CE4-CACDDEFF9603}.Debug|Any CPU.ActiveCfg = Debug|Any CPU
		{56725C85-3A26-4FA9-9CE4-CACDDEFF9603}.Debug|Any CPU.Build.0 = Debug|Any CPU
		{56725C85-3A26-4FA9-9CE4-CACDDEFF9603}.Debug|x86.ActiveCfg = Debug|Any CPU
		{56725C85-3A26-4FA9-9CE4-CACDDEFF9603}.Debug|x86.Build.0 = Debug|Any CPU
		{56725C85-3A26-4FA9-9CE4-CACDDEFF9603}.HTZEES2|Any CPU.ActiveCfg = Release|Any CPU
		{56725C85-3A26-4FA9-9CE4-CACDDEFF9603}.HTZEES2|Any CPU.Build.0 = Release|Any CPU
		{56725C85-3A26-4FA9-9CE4-CACDDEFF9603}.HTZEES2|x86.ActiveCfg = Release|Any CPU
		{56725C85-3A26-4FA9-9CE4-CACDDEFF9603}.HTZEES2|x86.Build.0 = Release|Any CPU
		{56725C85-3A26-4FA9-9CE4-CACDDEFF9603}.HTZEES2ASCII|Any CPU.ActiveCfg = Release|Any CPU
		{56725C85-3A26-4FA9-9CE4-CACDDEFF9603}.HTZEES2ASCII|Any CPU.Build.0 = Release|Any CPU
		{56725C85-3A26-4FA9-9CE4-CACDDEFF9603}.HTZEES2ASCII|x86.ActiveCfg = Release|Any CPU
		{56725C85-3A26-4FA9-9CE4-CACDDEFF9603}.HTZEES2ASCII|x86.Build.0 = Release|Any CPU
		{56725C85-3A26-4FA9-9CE4-CACDDEFF9603}.Linux Debug|Any CPU.ActiveCfg = Debug|Any CPU
		{56725C85-3A26-4FA9-9CE4-CACDDEFF9603}.Linux Debug|Any CPU.Build.0 = Debug|Any CPU
		{56725C85-3A26-4FA9-9CE4-CACDDEFF9603}.Linux Debug|x86.ActiveCfg = Debug|Any CPU
		{56725C85-3A26-4FA9-9CE4-CACDDEFF9603}.Linux Debug|x86.Build.0 = Debug|Any CPU
		{56725C85-3A26-4FA9-9CE4-CACDDEFF9603}.Linux Release SEL|Any CPU.ActiveCfg = Release|Any CPU
		{56725C85-3A26-4FA9-9CE4-CACDDEFF9603}.Linux Release SEL|Any CPU.Build.0 = Release|Any CPU
		{56725C85-3A26-4FA9-9CE4-CACDDEFF9603}.Linux Release SEL|x86.ActiveCfg = Release|Any CPU
		{56725C85-3A26-4FA9-9CE4-CACDDEFF9603}.Linux Release SEL|x86.Build.0 = Release|Any CPU
		{56725C85-3A26-4FA9-9CE4-CACDDEFF9603}.Linux Release|Any CPU.ActiveCfg = Release|Any CPU
		{56725C85-3A26-4FA9-9CE4-CACDDEFF9603}.Linux Release|Any CPU.Build.0 = Release|Any CPU
		{56725C85-3A26-4FA9-9CE4-CACDDEFF9603}.Linux Release|x86.ActiveCfg = Release|Any CPU
		{56725C85-3A26-4FA9-9CE4-CACDDEFF9603}.Linux Release|x86.Build.0 = Release|Any CPU
		{56725C85-3A26-4FA9-9CE4-CACDDEFF9603}.Linux Zee Debug|Any CPU.ActiveCfg = Debug|Any CPU
		{56725C85-3A26-4FA9-9CE4-CACDDEFF9603}.Linux Zee Debug|Any CPU.Build.0 = Debug|Any CPU
		{56725C85-3A26-4FA9-9CE4-CACDDEFF9603}.Linux Zee Debug|x86.ActiveCfg = Debug|Any CPU
		{56725C85-3A26-4FA9-9CE4-CACDDEFF9603}.Linux Zee Debug|x86.Build.0 = Debug|Any CPU
		{56725C85-3A26-4FA9-9CE4-CACDDEFF9603}.Linux Zee Plus Release|Any CPU.ActiveCfg = Release|Any CPU
		{56725C85-3A26-4FA9-9CE4-CACDDEFF9603}.Linux Zee Plus Release|Any CPU.Build.0 = Release|Any CPU
		{56725C85-3A26-4FA9-9CE4-CACDDEFF9603}.Linux Zee Plus Release|x86.ActiveCfg = Release|Any CPU
		{56725C85-3A26-4FA9-9CE4-CACDDEFF9603}.Linux Zee Plus Release|x86.Build.0 = Release|Any CPU
		{56725C85-3A26-4FA9-9CE4-CACDDEFF9603}.Linux Zee Release ASCII|Any CPU.ActiveCfg = Release|Any CPU
		{56725C85-3A26-4FA9-9CE4-CACDDEFF9603}.Linux Zee Release ASCII|Any CPU.Build.0 = Release|Any CPU
		{56725C85-3A26-4FA9-9CE4-CACDDEFF9603}.Linux Zee Release ASCII|x86.ActiveCfg = Release|Any CPU
		{56725C85-3A26-4FA9-9CE4-CACDDEFF9603}.Linux Zee Release ASCII|x86.Build.0 = Release|Any CPU
		{56725C85-3A26-4FA9-9CE4-CACDDEFF9603}.Linux Zee Release|Any CPU.ActiveCfg = Release|Any CPU
		{56725C85-3A26-4FA9-9CE4-CACDDEFF9603}.Linux Zee Release|Any CPU.Build.0 = Release|Any CPU
		{56725C85-3A26-4FA9-9CE4-CACDDEFF9603}.Linux Zee Release|x86.ActiveCfg = Release|Any CPU
		{56725C85-3A26-4FA9-9CE4-CACDDEFF9603}.Linux Zee Release|x86.Build.0 = Release|Any CPU
		{56725C85-3A26-4FA9-9CE4-CACDDEFF9603}.Linux ZeePlus Release|Any CPU.ActiveCfg = Release|Any CPU
		{56725C85-3A26-4FA9-9CE4-CACDDEFF9603}.Linux ZeePlus Release|Any CPU.Build.0 = Release|Any CPU
		{56725C85-3A26-4FA9-9CE4-CACDDEFF9603}.Linux ZeePlus Release|x86.ActiveCfg = Release|Any CPU
		{56725C85-3A26-4FA9-9CE4-CACDDEFF9603}.Linux ZeePlus Release|x86.Build.0 = Release|Any CPU
		{56725C85-3A26-4FA9-9CE4-CACDDEFF9603}.Release|Any CPU.ActiveCfg = Release|Any CPU
		{56725C85-3A26-4FA9-9CE4-CACDDEFF9603}.Release|Any CPU.Build.0 = Release|Any CPU
		{56725C85-3A26-4FA9-9CE4-CACDDEFF9603}.Release|x86.ActiveCfg = Release|Any CPU
		{56725C85-3A26-4FA9-9CE4-CACDDEFF9603}.Release|x86.Build.0 = Release|Any CPU
		{CAA3F9D3-4647-48DE-8BA7-32AC317B046D}.Debug|Any CPU.ActiveCfg = Debug|Any CPU
		{CAA3F9D3-4647-48DE-8BA7-32AC317B046D}.Debug|Any CPU.Build.0 = Debug|Any CPU
		{CAA3F9D3-4647-48DE-8BA7-32AC317B046D}.Debug|x86.ActiveCfg = Debug|Any CPU
		{CAA3F9D3-4647-48DE-8BA7-32AC317B046D}.Debug|x86.Build.0 = Debug|Any CPU
		{CAA3F9D3-4647-48DE-8BA7-32AC317B046D}.HTZEES2|Any CPU.ActiveCfg = Release|Any CPU
		{CAA3F9D3-4647-48DE-8BA7-32AC317B046D}.HTZEES2|Any CPU.Build.0 = Release|Any CPU
		{CAA3F9D3-4647-48DE-8BA7-32AC317B046D}.HTZEES2|x86.ActiveCfg = Release|Any CPU
		{CAA3F9D3-4647-48DE-8BA7-32AC317B046D}.HTZEES2|x86.Build.0 = Release|Any CPU
		{CAA3F9D3-4647-48DE-8BA7-32AC317B046D}.HTZEES2ASCII|Any CPU.ActiveCfg = Release|Any CPU
		{CAA3F9D3-4647-48DE-8BA7-32AC317B046D}.HTZEES2ASCII|Any CPU.Build.0 = Release|Any CPU
		{CAA3F9D3-4647-48DE-8BA7-32AC317B046D}.HTZEES2ASCII|x86.ActiveCfg = Release|Any CPU
		{CAA3F9D3-4647-48DE-8BA7-32AC317B046D}.HTZEES2ASCII|x86.Build.0 = Release|Any CPU
		{CAA3F9D3-4647-48DE-8BA7-32AC317B046D}.Linux Debug|Any CPU.ActiveCfg = Debug|Any CPU
		{CAA3F9D3-4647-48DE-8BA7-32AC317B046D}.Linux Debug|Any CPU.Build.0 = Debug|Any CPU
		{CAA3F9D3-4647-48DE-8BA7-32AC317B046D}.Linux Debug|x86.ActiveCfg = Debug|Any CPU
		{CAA3F9D3-4647-48DE-8BA7-32AC317B046D}.Linux Debug|x86.Build.0 = Debug|Any CPU
		{CAA3F9D3-4647-48DE-8BA7-32AC317B046D}.Linux Release SEL|Any CPU.ActiveCfg = Release|Any CPU
		{CAA3F9D3-4647-48DE-8BA7-32AC317B046D}.Linux Release SEL|Any CPU.Build.0 = Release|Any CPU
		{CAA3F9D3-4647-48DE-8BA7-32AC317B046D}.Linux Release SEL|x86.ActiveCfg = Release|Any CPU
		{CAA3F9D3-4647-48DE-8BA7-32AC317B046D}.Linux Release SEL|x86.Build.0 = Release|Any CPU
		{CAA3F9D3-4647-48DE-8BA7-32AC317B046D}.Linux Release|Any CPU.ActiveCfg = Release|Any CPU
		{CAA3F9D3-4647-48DE-8BA7-32AC317B046D}.Linux Release|Any CPU.Build.0 = Release|Any CPU
		{CAA3F9D3-4647-48DE-8BA7-32AC317B046D}.Linux Release|x86.ActiveCfg = Release|Any CPU
		{CAA3F9D3-4647-48DE-8BA7-32AC317B046D}.Linux Release|x86.Build.0 = Release|Any CPU
		{CAA3F9D3-4647-48DE-8BA7-32AC317B046D}.Linux Zee Debug|Any CPU.ActiveCfg = Debug|Any CPU
		{CAA3F9D3-4647-48DE-8BA7-32AC317B046D}.Linux Zee Debug|Any CPU.Build.0 = Debug|Any CPU
		{CAA3F9D3-4647-48DE-8BA7-32AC317B046D}.Linux Zee Debug|x86.ActiveCfg = Debug|Any CPU
		{CAA3F9D3-4647-48DE-8BA7-32AC317B046D}.Linux Zee Debug|x86.Build.0 = Debug|Any CPU
		{CAA3F9D3-4647-48DE-8BA7-32AC317B046D}.Linux Zee Plus Release|Any CPU.ActiveCfg = Release|Any CPU
		{CAA3F9D3-4647-48DE-8BA7-32AC317B046D}.Linux Zee Plus Release|Any CPU.Build.0 = Release|Any CPU
		{CAA3F9D3-4647-48DE-8BA7-32AC317B046D}.Linux Zee Plus Release|x86.ActiveCfg = Release|Any CPU
		{CAA3F9D3-4647-48DE-8BA7-32AC317B046D}.Linux Zee Plus Release|x86.Build.0 = Release|Any CPU
		{CAA3F9D3-4647-48DE-8BA7-32AC317B046D}.Linux Zee Release ASCII|Any CPU.ActiveCfg = Release|Any CPU
		{CAA3F9D3-4647-48DE-8BA7-32AC317B046D}.Linux Zee Release ASCII|Any CPU.Build.0 = Release|Any CPU
		{CAA3F9D3-4647-48DE-8BA7-32AC317B046D}.Linux Zee Release ASCII|x86.ActiveCfg = Release|Any CPU
		{CAA3F9D3-4647-48DE-8BA7-32AC317B046D}.Linux Zee Release ASCII|x86.Build.0 = Release|Any CPU
		{CAA3F9D3-4647-48DE-8BA7-32AC317B046D}.Linux Zee Release|Any CPU.ActiveCfg = Release|Any CPU
		{CAA3F9D3-4647-48DE-8BA7-32AC317B046D}.Linux Zee Release|Any CPU.Build.0 = Release|Any CPU
		{CAA3F9D3-4647-48DE-8BA7-32AC317B046D}.Linux Zee Release|x86.ActiveCfg = Release|Any CPU
		{CAA3F9D3-4647-48DE-8BA7-32AC317B046D}.Linux Zee Release|x86.Build.0 = Release|Any CPU
		{CAA3F9D3-4647-48DE-8BA7-32AC317B046D}.Linux ZeePlus Release|Any CPU.ActiveCfg = Release|Any CPU
		{CAA3F9D3-4647-48DE-8BA7-32AC317B046D}.Linux ZeePlus Release|Any CPU.Build.0 = Release|Any CPU
		{CAA3F9D3-4647-48DE-8BA7-32AC317B046D}.Linux ZeePlus Release|x86.ActiveCfg = Release|Any CPU
		{CAA3F9D3-4647-48DE-8BA7-32AC317B046D}.Linux ZeePlus Release|x86.Build.0 = Release|Any CPU
		{CAA3F9D3-4647-48DE-8BA7-32AC317B046D}.Release|Any CPU.ActiveCfg = Release|Any CPU
		{CAA3F9D3-4647-48DE-8BA7-32AC317B046D}.Release|Any CPU.Build.0 = Release|Any CPU
		{CAA3F9D3-4647-48DE-8BA7-32AC317B046D}.Release|x86.ActiveCfg = Release|Any CPU
		{CAA3F9D3-4647-48DE-8BA7-32AC317B046D}.Release|x86.Build.0 = Release|Any CPU
		{8F609EDB-0CFF-4B67-A7ED-265331C90F91}.Debug|Any CPU.ActiveCfg = Debug|Any CPU
		{8F609EDB-0CFF-4B67-A7ED-265331C90F91}.Debug|Any CPU.Build.0 = Debug|Any CPU
		{8F609EDB-0CFF-4B67-A7ED-265331C90F91}.Debug|x86.ActiveCfg = Debug|Any CPU
		{8F609EDB-0CFF-4B67-A7ED-265331C90F91}.Debug|x86.Build.0 = Debug|Any CPU
		{8F609EDB-0CFF-4B67-A7ED-265331C90F91}.HTZEES2|Any CPU.ActiveCfg = Release|Any CPU
		{8F609EDB-0CFF-4B67-A7ED-265331C90F91}.HTZEES2|Any CPU.Build.0 = Release|Any CPU
		{8F609EDB-0CFF-4B67-A7ED-265331C90F91}.HTZEES2|x86.ActiveCfg = Release|Any CPU
		{8F609EDB-0CFF-4B67-A7ED-265331C90F91}.HTZEES2|x86.Build.0 = Release|Any CPU
		{8F609EDB-0CFF-4B67-A7ED-265331C90F91}.HTZEES2ASCII|Any CPU.ActiveCfg = Release|Any CPU
		{8F609EDB-0CFF-4B67-A7ED-265331C90F91}.HTZEES2ASCII|Any CPU.Build.0 = Release|Any CPU
		{8F609EDB-0CFF-4B67-A7ED-265331C90F91}.HTZEES2ASCII|x86.ActiveCfg = Release|Any CPU
		{8F609EDB-0CFF-4B67-A7ED-265331C90F91}.HTZEES2ASCII|x86.Build.0 = Release|Any CPU
		{8F609EDB-0CFF-4B67-A7ED-265331C90F91}.Linux Debug|Any CPU.ActiveCfg = Debug|Any CPU
		{8F609EDB-0CFF-4B67-A7ED-265331C90F91}.Linux Debug|Any CPU.Build.0 = Debug|Any CPU
		{8F609EDB-0CFF-4B67-A7ED-265331C90F91}.Linux Debug|x86.ActiveCfg = Debug|Any CPU
		{8F609EDB-0CFF-4B67-A7ED-265331C90F91}.Linux Debug|x86.Build.0 = Debug|Any CPU
		{8F609EDB-0CFF-4B67-A7ED-265331C90F91}.Linux Release SEL|Any CPU.ActiveCfg = Release|Any CPU
		{8F609EDB-0CFF-4B67-A7ED-265331C90F91}.Linux Release SEL|Any CPU.Build.0 = Release|Any CPU
		{8F609EDB-0CFF-4B67-A7ED-265331C90F91}.Linux Release SEL|x86.ActiveCfg = Release|Any CPU
		{8F609EDB-0CFF-4B67-A7ED-265331C90F91}.Linux Release SEL|x86.Build.0 = Release|Any CPU
		{8F609EDB-0CFF-4B67-A7ED-265331C90F91}.Linux Release|Any CPU.ActiveCfg = Release|Any CPU
		{8F609EDB-0CFF-4B67-A7ED-265331C90F91}.Linux Release|Any CPU.Build.0 = Release|Any CPU
		{8F609EDB-0CFF-4B67-A7ED-265331C90F91}.Linux Release|x86.ActiveCfg = Release|Any CPU
		{8F609EDB-0CFF-4B67-A7ED-265331C90F91}.Linux Release|x86.Build.0 = Release|Any CPU
		{8F609EDB-0CFF-4B67-A7ED-265331C90F91}.Linux Zee Debug|Any CPU.ActiveCfg = Debug|Any CPU
		{8F609EDB-0CFF-4B67-A7ED-265331C90F91}.Linux Zee Debug|Any CPU.Build.0 = Debug|Any CPU
		{8F609EDB-0CFF-4B67-A7ED-265331C90F91}.Linux Zee Debug|x86.ActiveCfg = Debug|Any CPU
		{8F609EDB-0CFF-4B67-A7ED-265331C90F91}.Linux Zee Debug|x86.Build.0 = Debug|Any CPU
		{8F609EDB-0CFF-4B67-A7ED-265331C90F91}.Linux Zee Plus Release|Any CPU.ActiveCfg = Release|Any CPU
		{8F609EDB-0CFF-4B67-A7ED-265331C90F91}.Linux Zee Plus Release|Any CPU.Build.0 = Release|Any CPU
		{8F609EDB-0CFF-4B67-A7ED-265331C90F91}.Linux Zee Plus Release|x86.ActiveCfg = Release|Any CPU
		{8F609EDB-0CFF-4B67-A7ED-265331C90F91}.Linux Zee Plus Release|x86.Build.0 = Release|Any CPU
		{8F609EDB-0CFF-4B67-A7ED-265331C90F91}.Linux Zee Release ASCII|Any CPU.ActiveCfg = Release|Any CPU
		{8F609EDB-0CFF-4B67-A7ED-265331C90F91}.Linux Zee Release ASCII|Any CPU.Build.0 = Release|Any CPU
		{8F609EDB-0CFF-4B67-A7ED-265331C90F91}.Linux Zee Release ASCII|x86.ActiveCfg = Release|Any CPU
		{8F609EDB-0CFF-4B67-A7ED-265331C90F91}.Linux Zee Release ASCII|x86.Build.0 = Release|Any CPU
		{8F609EDB-0CFF-4B67-A7ED-265331C90F91}.Linux Zee Release|Any CPU.ActiveCfg = Release|Any CPU
		{8F609EDB-0CFF-4B67-A7ED-265331C90F91}.Linux Zee Release|Any CPU.Build.0 = Release|Any CPU
		{8F609EDB-0CFF-4B67-A7ED-265331C90F91}.Linux Zee Release|x86.ActiveCfg = Release|Any CPU
		{8F609EDB-0CFF-4B67-A7ED-265331C90F91}.Linux Zee Release|x86.Build.0 = Release|Any CPU
		{8F609EDB-0CFF-4B67-A7ED-265331C90F91}.Linux ZeePlus Release|Any CPU.ActiveCfg = Release|Any CPU
		{8F609EDB-0CFF-4B67-A7ED-265331C90F91}.Linux ZeePlus Release|Any CPU.Build.0 = Release|Any CPU
		{8F609EDB-0CFF-4B67-A7ED-265331C90F91}.Linux ZeePlus Release|x86.ActiveCfg = Release|Any CPU
		{8F609EDB-0CFF-4B67-A7ED-265331C90F91}.Linux ZeePlus Release|x86.Build.0 = Release|Any CPU
		{8F609EDB-0CFF-4B67-A7ED-265331C90F91}.Release|Any CPU.ActiveCfg = Release|Any CPU
		{8F609EDB-0CFF-4B67-A7ED-265331C90F91}.Release|Any CPU.Build.0 = Release|Any CPU
		{8F609EDB-0CFF-4B67-A7ED-265331C90F91}.Release|x86.ActiveCfg = Release|Any CPU
		{8F609EDB-0CFF-4B67-A7ED-265331C90F91}.Release|x86.Build.0 = Release|Any CPU
		{B00BD583-D633-4CA1-B66C-EA78BC906023}.Debug|Any CPU.ActiveCfg = Debug|Any CPU
		{B00BD583-D633-4CA1-B66C-EA78BC906023}.Debug|Any CPU.Build.0 = Debug|Any CPU
		{B00BD583-D633-4CA1-B66C-EA78BC906023}.Debug|x86.ActiveCfg = Debug|Any CPU
		{B00BD583-D633-4CA1-B66C-EA78BC906023}.Debug|x86.Build.0 = Debug|Any CPU
		{B00BD583-D633-4CA1-B66C-EA78BC906023}.HTZEES2|Any CPU.ActiveCfg = Release|Any CPU
		{B00BD583-D633-4CA1-B66C-EA78BC906023}.HTZEES2|Any CPU.Build.0 = Release|Any CPU
		{B00BD583-D633-4CA1-B66C-EA78BC906023}.HTZEES2|x86.ActiveCfg = Release|Any CPU
		{B00BD583-D633-4CA1-B66C-EA78BC906023}.HTZEES2|x86.Build.0 = Release|Any CPU
		{B00BD583-D633-4CA1-B66C-EA78BC906023}.HTZEES2ASCII|Any CPU.ActiveCfg = Release|Any CPU
		{B00BD583-D633-4CA1-B66C-EA78BC906023}.HTZEES2ASCII|Any CPU.Build.0 = Release|Any CPU
		{B00BD583-D633-4CA1-B66C-EA78BC906023}.HTZEES2ASCII|x86.ActiveCfg = Release|Any CPU
		{B00BD583-D633-4CA1-B66C-EA78BC906023}.HTZEES2ASCII|x86.Build.0 = Release|Any CPU
		{B00BD583-D633-4CA1-B66C-EA78BC906023}.Linux Debug|Any CPU.ActiveCfg = Debug|Any CPU
		{B00BD583-D633-4CA1-B66C-EA78BC906023}.Linux Debug|Any CPU.Build.0 = Debug|Any CPU
		{B00BD583-D633-4CA1-B66C-EA78BC906023}.Linux Debug|x86.ActiveCfg = Debug|Any CPU
		{B00BD583-D633-4CA1-B66C-EA78BC906023}.Linux Debug|x86.Build.0 = Debug|Any CPU
		{B00BD583-D633-4CA1-B66C-EA78BC906023}.Linux Release SEL|Any CPU.ActiveCfg = Release|Any CPU
		{B00BD583-D633-4CA1-B66C-EA78BC906023}.Linux Release SEL|Any CPU.Build.0 = Release|Any CPU
		{B00BD583-D633-4CA1-B66C-EA78BC906023}.Linux Release SEL|x86.ActiveCfg = Release|Any CPU
		{B00BD583-D633-4CA1-B66C-EA78BC906023}.Linux Release SEL|x86.Build.0 = Release|Any CPU
		{B00BD583-D633-4CA1-B66C-EA78BC906023}.Linux Release|Any CPU.ActiveCfg = Release|Any CPU
		{B00BD583-D633-4CA1-B66C-EA78BC906023}.Linux Release|Any CPU.Build.0 = Release|Any CPU
		{B00BD583-D633-4CA1-B66C-EA78BC906023}.Linux Release|x86.ActiveCfg = Release|Any CPU
		{B00BD583-D633-4CA1-B66C-EA78BC906023}.Linux Release|x86.Build.0 = Release|Any CPU
		{B00BD583-D633-4CA1-B66C-EA78BC906023}.Linux Zee Debug|Any CPU.ActiveCfg = Debug|Any CPU
		{B00BD583-D633-4CA1-B66C-EA78BC906023}.Linux Zee Debug|Any CPU.Build.0 = Debug|Any CPU
		{B00BD583-D633-4CA1-B66C-EA78BC906023}.Linux Zee Debug|x86.ActiveCfg = Debug|Any CPU
		{B00BD583-D633-4CA1-B66C-EA78BC906023}.Linux Zee Debug|x86.Build.0 = Debug|Any CPU
		{B00BD583-D633-4CA1-B66C-EA78BC906023}.Linux Zee Plus Release|Any CPU.ActiveCfg = Release|Any CPU
		{B00BD583-D633-4CA1-B66C-EA78BC906023}.Linux Zee Plus Release|Any CPU.Build.0 = Release|Any CPU
		{B00BD583-D633-4CA1-B66C-EA78BC906023}.Linux Zee Plus Release|x86.ActiveCfg = Release|Any CPU
		{B00BD583-D633-4CA1-B66C-EA78BC906023}.Linux Zee Plus Release|x86.Build.0 = Release|Any CPU
		{B00BD583-D633-4CA1-B66C-EA78BC906023}.Linux Zee Release ASCII|Any CPU.ActiveCfg = Release|Any CPU
		{B00BD583-D633-4CA1-B66C-EA78BC906023}.Linux Zee Release ASCII|Any CPU.Build.0 = Release|Any CPU
		{B00BD583-D633-4CA1-B66C-EA78BC906023}.Linux Zee Release ASCII|x86.ActiveCfg = Release|Any CPU
		{B00BD583-D633-4CA1-B66C-EA78BC906023}.Linux Zee Release ASCII|x86.Build.0 = Release|Any CPU
		{B00BD583-D633-4CA1-B66C-EA78BC906023}.Linux Zee Release|Any CPU.ActiveCfg = Release|Any CPU
		{B00BD583-D633-4CA1-B66C-EA78BC906023}.Linux Zee Release|Any CPU.Build.0 = Release|Any CPU
		{B00BD583-D633-4CA1-B66C-EA78BC906023}.Linux Zee Release|x86.ActiveCfg = Release|Any CPU
		{B00BD583-D633-4CA1-B66C-EA78BC906023}.Linux Zee Release|x86.Build.0 = Release|Any CPU
		{B00BD583-D633-4CA1-B66C-EA78BC906023}.Linux ZeePlus Release|Any CPU.ActiveCfg = Release|Any CPU
		{B00BD583-D633-4CA1-B66C-EA78BC906023}.Linux ZeePlus Release|Any CPU.Build.0 = Release|Any CPU
		{B00BD583-D633-4CA1-B66C-EA78BC906023}.Linux ZeePlus Release|x86.ActiveCfg = Release|Any CPU
		{B00BD583-D633-4CA1-B66C-EA78BC906023}.Linux ZeePlus Release|x86.Build.0 = Release|Any CPU
		{B00BD583-D633-4CA1-B66C-EA78BC906023}.Release|Any CPU.ActiveCfg = Release|Any CPU
		{B00BD583-D633-4CA1-B66C-EA78BC906023}.Release|Any CPU.Build.0 = Release|Any CPU
		{B00BD583-D633-4CA1-B66C-EA78BC906023}.Release|x86.ActiveCfg = Release|Any CPU
		{B00BD583-D633-4CA1-B66C-EA78BC906023}.Release|x86.Build.0 = Release|Any CPU
		{A7D38B6C-9F00-4D20-9D3F-30069E317421}.Debug|Any CPU.ActiveCfg = Debug|Any CPU
		{A7D38B6C-9F00-4D20-9D3F-30069E317421}.Debug|Any CPU.Build.0 = Debug|Any CPU
		{A7D38B6C-9F00-4D20-9D3F-30069E317421}.Debug|x86.ActiveCfg = Debug|Any CPU
		{A7D38B6C-9F00-4D20-9D3F-30069E317421}.Debug|x86.Build.0 = Debug|Any CPU
		{A7D38B6C-9F00-4D20-9D3F-30069E317421}.HTZEES2|Any CPU.ActiveCfg = Release|Any CPU
		{A7D38B6C-9F00-4D20-9D3F-30069E317421}.HTZEES2|Any CPU.Build.0 = Release|Any CPU
		{A7D38B6C-9F00-4D20-9D3F-30069E317421}.HTZEES2|x86.ActiveCfg = Release|Any CPU
		{A7D38B6C-9F00-4D20-9D3F-30069E317421}.HTZEES2|x86.Build.0 = Release|Any CPU
		{A7D38B6C-9F00-4D20-9D3F-30069E317421}.HTZEES2ASCII|Any CPU.ActiveCfg = Release|Any CPU
		{A7D38B6C-9F00-4D20-9D3F-30069E317421}.HTZEES2ASCII|Any CPU.Build.0 = Release|Any CPU
		{A7D38B6C-9F00-4D20-9D3F-30069E317421}.HTZEES2ASCII|x86.ActiveCfg = Release|Any CPU
		{A7D38B6C-9F00-4D20-9D3F-30069E317421}.HTZEES2ASCII|x86.Build.0 = Release|Any CPU
		{A7D38B6C-9F00-4D20-9D3F-30069E317421}.Linux Debug|Any CPU.ActiveCfg = Debug|Any CPU
		{A7D38B6C-9F00-4D20-9D3F-30069E317421}.Linux Debug|Any CPU.Build.0 = Debug|Any CPU
		{A7D38B6C-9F00-4D20-9D3F-30069E317421}.Linux Debug|x86.ActiveCfg = Debug|Any CPU
		{A7D38B6C-9F00-4D20-9D3F-30069E317421}.Linux Debug|x86.Build.0 = Debug|Any CPU
		{A7D38B6C-9F00-4D20-9D3F-30069E317421}.Linux Release SEL|Any CPU.ActiveCfg = Release|Any CPU
		{A7D38B6C-9F00-4D20-9D3F-30069E317421}.Linux Release SEL|Any CPU.Build.0 = Release|Any CPU
		{A7D38B6C-9F00-4D20-9D3F-30069E317421}.Linux Release SEL|x86.ActiveCfg = Release|Any CPU
		{A7D38B6C-9F00-4D20-9D3F-30069E317421}.Linux Release SEL|x86.Build.0 = Release|Any CPU
		{A7D38B6C-9F00-4D20-9D3F-30069E317421}.Linux Release|Any CPU.ActiveCfg = Release|Any CPU
		{A7D38B6C-9F00-4D20-9D3F-30069E317421}.Linux Release|Any CPU.Build.0 = Release|Any CPU
		{A7D38B6C-9F00-4D20-9D3F-30069E317421}.Linux Release|x86.ActiveCfg = Release|Any CPU
		{A7D38B6C-9F00-4D20-9D3F-30069E317421}.Linux Release|x86.Build.0 = Release|Any CPU
		{A7D38B6C-9F00-4D20-9D3F-30069E317421}.Linux Zee Debug|Any CPU.ActiveCfg = Debug|Any CPU
		{A7D38B6C-9F00-4D20-9D3F-30069E317421}.Linux Zee Debug|Any CPU.Build.0 = Debug|Any CPU
		{A7D38B6C-9F00-4D20-9D3F-30069E317421}.Linux Zee Debug|x86.ActiveCfg = Debug|Any CPU
		{A7D38B6C-9F00-4D20-9D3F-30069E317421}.Linux Zee Debug|x86.Build.0 = Debug|Any CPU
		{A7D38B6C-9F00-4D20-9D3F-30069E317421}.Linux Zee Plus Release|Any CPU.ActiveCfg = Release|Any CPU
		{A7D38B6C-9F00-4D20-9D3F-30069E317421}.Linux Zee Plus Release|Any CPU.Build.0 = Release|Any CPU
		{A7D38B6C-9F00-4D20-9D3F-30069E317421}.Linux Zee Plus Release|x86.ActiveCfg = Release|Any CPU
		{A7D38B6C-9F00-4D20-9D3F-30069E317421}.Linux Zee Plus Release|x86.Build.0 = Release|Any CPU
		{A7D38B6C-9F00-4D20-9D3F-30069E317421}.Linux Zee Release ASCII|Any CPU.ActiveCfg = Release|Any CPU
		{A7D38B6C-9F00-4D20-9D3F-30069E317421}.Linux Zee Release ASCII|Any CPU.Build.0 = Release|Any CPU
		{A7D38B6C-9F00-4D20-9D3F-30069E317421}.Linux Zee Release ASCII|x86.ActiveCfg = Release|Any CPU
		{A7D38B6C-9F00-4D20-9D3F-30069E317421}.Linux Zee Release ASCII|x86.Build.0 = Release|Any CPU
		{A7D38B6C-9F00-4D20-9D3F-30069E317421}.Linux Zee Release|Any CPU.ActiveCfg = Release|Any CPU
		{A7D38B6C-9F00-4D20-9D3F-30069E317421}.Linux Zee Release|Any CPU.Build.0 = Release|Any CPU
		{A7D38B6C-9F00-4D20-9D3F-30069E317421}.Linux Zee Release|x86.ActiveCfg = Release|Any CPU
		{A7D38B6C-9F00-4D20-9D3F-30069E317421}.Linux Zee Release|x86.Build.0 = Release|Any CPU
		{A7D38B6C-9F00-4D20-9D3F-30069E317421}.Linux ZeePlus Release|Any CPU.ActiveCfg = Release|Any CPU
		{A7D38B6C-9F00-4D20-9D3F-30069E317421}.Linux ZeePlus Release|Any CPU.Build.0 = Release|Any CPU
		{A7D38B6C-9F00-4D20-9D3F-30069E317421}.Linux ZeePlus Release|x86.ActiveCfg = Release|Any CPU
		{A7D38B6C-9F00-4D20-9D3F-30069E317421}.Linux ZeePlus Release|x86.Build.0 = Release|Any CPU
		{A7D38B6C-9F00-4D20-9D3F-30069E317421}.Release|Any CPU.ActiveCfg = Release|Any CPU
		{A7D38B6C-9F00-4D20-9D3F-30069E317421}.Release|Any CPU.Build.0 = Release|Any CPU
		{A7D38B6C-9F00-4D20-9D3F-30069E317421}.Release|x86.ActiveCfg = Release|Any CPU
		{A7D38B6C-9F00-4D20-9D3F-30069E317421}.Release|x86.Build.0 = Release|Any CPU
		{64189C38-D99C-4799-9C63-1E7AD7A83F5A}.Debug|Any CPU.ActiveCfg = Debug|Any CPU
		{64189C38-D99C-4799-9C63-1E7AD7A83F5A}.Debug|Any CPU.Build.0 = Debug|Any CPU
		{64189C38-D99C-4799-9C63-1E7AD7A83F5A}.Debug|x86.ActiveCfg = Debug|x86
		{64189C38-D99C-4799-9C63-1E7AD7A83F5A}.Debug|x86.Build.0 = Debug|x86
		{64189C38-D99C-4799-9C63-1E7AD7A83F5A}.HTZEES2|Any CPU.ActiveCfg = HTZEES2|Any CPU
		{64189C38-D99C-4799-9C63-1E7AD7A83F5A}.HTZEES2|Any CPU.Build.0 = HTZEES2|Any CPU
		{64189C38-D99C-4799-9C63-1E7AD7A83F5A}.HTZEES2|x86.ActiveCfg = HTZEES2|x86
		{64189C38-D99C-4799-9C63-1E7AD7A83F5A}.HTZEES2|x86.Build.0 = HTZEES2|x86
		{64189C38-D99C-4799-9C63-1E7AD7A83F5A}.HTZEES2ASCII|Any CPU.ActiveCfg = HTZEES2ASCII|Any CPU
		{64189C38-D99C-4799-9C63-1E7AD7A83F5A}.HTZEES2ASCII|Any CPU.Build.0 = HTZEES2ASCII|Any CPU
		{64189C38-D99C-4799-9C63-1E7AD7A83F5A}.HTZEES2ASCII|x86.ActiveCfg = HTZEES2ASCII|x86
		{64189C38-D99C-4799-9C63-1E7AD7A83F5A}.HTZEES2ASCII|x86.Build.0 = HTZEES2ASCII|x86
		{64189C38-D99C-4799-9C63-1E7AD7A83F5A}.Linux Debug|Any CPU.ActiveCfg = Linux Debug|Any CPU
		{64189C38-D99C-4799-9C63-1E7AD7A83F5A}.Linux Debug|Any CPU.Build.0 = Linux Debug|Any CPU
		{64189C38-D99C-4799-9C63-1E7AD7A83F5A}.Linux Debug|x86.ActiveCfg = Linux Debug|x86
		{64189C38-D99C-4799-9C63-1E7AD7A83F5A}.Linux Debug|x86.Build.0 = Linux Debug|x86
		{64189C38-D99C-4799-9C63-1E7AD7A83F5A}.Linux Release SEL|Any CPU.ActiveCfg = Linux Release SEL|Any CPU
		{64189C38-D99C-4799-9C63-1E7AD7A83F5A}.Linux Release SEL|Any CPU.Build.0 = Linux Release SEL|Any CPU
		{64189C38-D99C-4799-9C63-1E7AD7A83F5A}.Linux Release SEL|x86.ActiveCfg = Linux Release SEL|x86
		{64189C38-D99C-4799-9C63-1E7AD7A83F5A}.Linux Release SEL|x86.Build.0 = Linux Release SEL|x86
		{64189C38-D99C-4799-9C63-1E7AD7A83F5A}.Linux Release|Any CPU.ActiveCfg = Linux Release|Any CPU
		{64189C38-D99C-4799-9C63-1E7AD7A83F5A}.Linux Release|Any CPU.Build.0 = Linux Release|Any CPU
		{64189C38-D99C-4799-9C63-1E7AD7A83F5A}.Linux Release|x86.ActiveCfg = Linux Release|x86
		{64189C38-D99C-4799-9C63-1E7AD7A83F5A}.Linux Release|x86.Build.0 = Linux Release|x86
		{64189C38-D99C-4799-9C63-1E7AD7A83F5A}.Linux Zee Debug|Any CPU.ActiveCfg = Linux Zee Debug|Any CPU
		{64189C38-D99C-4799-9C63-1E7AD7A83F5A}.Linux Zee Debug|Any CPU.Build.0 = Linux Zee Debug|Any CPU
		{64189C38-D99C-4799-9C63-1E7AD7A83F5A}.Linux Zee Debug|x86.ActiveCfg = Linux Zee Debug|x86
		{64189C38-D99C-4799-9C63-1E7AD7A83F5A}.Linux Zee Debug|x86.Build.0 = Linux Zee Debug|x86
		{64189C38-D99C-4799-9C63-1E7AD7A83F5A}.Linux Zee Plus Release|Any CPU.ActiveCfg = Linux Zee Plus Release|Any CPU
		{64189C38-D99C-4799-9C63-1E7AD7A83F5A}.Linux Zee Plus Release|Any CPU.Build.0 = Linux Zee Plus Release|Any CPU
		{64189C38-D99C-4799-9C63-1E7AD7A83F5A}.Linux Zee Plus Release|x86.ActiveCfg = Linux Zee Plus Release|x86
		{64189C38-D99C-4799-9C63-1E7AD7A83F5A}.Linux Zee Plus Release|x86.Build.0 = Linux Zee Plus Release|x86
		{64189C38-D99C-4799-9C63-1E7AD7A83F5A}.Linux Zee Release ASCII|Any CPU.ActiveCfg = Linux Zee Release ASCII|Any CPU
		{64189C38-D99C-4799-9C63-1E7AD7A83F5A}.Linux Zee Release ASCII|Any CPU.Build.0 = Linux Zee Release ASCII|Any CPU
		{64189C38-D99C-4799-9C63-1E7AD7A83F5A}.Linux Zee Release ASCII|x86.ActiveCfg = Linux Zee Release ASCII|x86
		{64189C38-D99C-4799-9C63-1E7AD7A83F5A}.Linux Zee Release ASCII|x86.Build.0 = Linux Zee Release ASCII|x86
		{64189C38-D99C-4799-9C63-1E7AD7A83F5A}.Linux Zee Release|Any CPU.ActiveCfg = Linux Zee Release|Any CPU
		{64189C38-D99C-4799-9C63-1E7AD7A83F5A}.Linux Zee Release|Any CPU.Build.0 = Linux Zee Release|Any CPU
		{64189C38-D99C-4799-9C63-1E7AD7A83F5A}.Linux Zee Release|x86.ActiveCfg = Linux Zee Release|x86
		{64189C38-D99C-4799-9C63-1E7AD7A83F5A}.Linux Zee Release|x86.Build.0 = Linux Zee Release|x86
		{64189C38-D99C-4799-9C63-1E7AD7A83F5A}.Linux ZeePlus Release|Any CPU.ActiveCfg = Linux ZeePlus Release|Any CPU
		{64189C38-D99C-4799-9C63-1E7AD7A83F5A}.Linux ZeePlus Release|Any CPU.Build.0 = Linux ZeePlus Release|Any CPU
		{64189C38-D99C-4799-9C63-1E7AD7A83F5A}.Linux ZeePlus Release|x86.ActiveCfg = Linux ZeePlus Release|x86
		{64189C38-D99C-4799-9C63-1E7AD7A83F5A}.Linux ZeePlus Release|x86.Build.0 = Linux ZeePlus Release|x86
		{64189C38-D99C-4799-9C63-1E7AD7A83F5A}.Release|Any CPU.ActiveCfg = Release|Any CPU
		{64189C38-D99C-4799-9C63-1E7AD7A83F5A}.Release|Any CPU.Build.0 = Release|Any CPU
		{64189C38-D99C-4799-9C63-1E7AD7A83F5A}.Release|x86.ActiveCfg = Release|x86
		{64189C38-D99C-4799-9C63-1E7AD7A83F5A}.Release|x86.Build.0 = Release|x86
		{F7A35F28-7139-4D58-A03A-031BD2E8C1C2}.Debug|Any CPU.ActiveCfg = Debug|Any CPU
		{F7A35F28-7139-4D58-A03A-031BD2E8C1C2}.Debug|Any CPU.Build.0 = Debug|Any CPU
		{F7A35F28-7139-4D58-A03A-031BD2E8C1C2}.Debug|x86.ActiveCfg = Debug|x86
		{F7A35F28-7139-4D58-A03A-031BD2E8C1C2}.Debug|x86.Build.0 = Debug|x86
		{F7A35F28-7139-4D58-A03A-031BD2E8C1C2}.HTZEES2|Any CPU.ActiveCfg = HTZEES2|Any CPU
		{F7A35F28-7139-4D58-A03A-031BD2E8C1C2}.HTZEES2|Any CPU.Build.0 = HTZEES2|Any CPU
		{F7A35F28-7139-4D58-A03A-031BD2E8C1C2}.HTZEES2|x86.ActiveCfg = HTZEES2|x86
		{F7A35F28-7139-4D58-A03A-031BD2E8C1C2}.HTZEES2|x86.Build.0 = HTZEES2|x86
		{F7A35F28-7139-4D58-A03A-031BD2E8C1C2}.HTZEES2ASCII|Any CPU.ActiveCfg = HTZEES2ASCII|Any CPU
		{F7A35F28-7139-4D58-A03A-031BD2E8C1C2}.HTZEES2ASCII|Any CPU.Build.0 = HTZEES2ASCII|Any CPU
		{F7A35F28-7139-4D58-A03A-031BD2E8C1C2}.HTZEES2ASCII|x86.ActiveCfg = HTZEES2ASCII|x86
		{F7A35F28-7139-4D58-A03A-031BD2E8C1C2}.HTZEES2ASCII|x86.Build.0 = HTZEES2ASCII|x86
		{F7A35F28-7139-4D58-A03A-031BD2E8C1C2}.Linux Debug|Any CPU.ActiveCfg = Linux Debug|Any CPU
		{F7A35F28-7139-4D58-A03A-031BD2E8C1C2}.Linux Debug|Any CPU.Build.0 = Linux Debug|Any CPU
		{F7A35F28-7139-4D58-A03A-031BD2E8C1C2}.Linux Debug|x86.ActiveCfg = Linux Debug|x86
		{F7A35F28-7139-4D58-A03A-031BD2E8C1C2}.Linux Debug|x86.Build.0 = Linux Debug|x86
		{F7A35F28-7139-4D58-A03A-031BD2E8C1C2}.Linux Release SEL|Any CPU.ActiveCfg = Linux Release SEL|Any CPU
		{F7A35F28-7139-4D58-A03A-031BD2E8C1C2}.Linux Release SEL|Any CPU.Build.0 = Linux Release SEL|Any CPU
		{F7A35F28-7139-4D58-A03A-031BD2E8C1C2}.Linux Release SEL|x86.ActiveCfg = Linux Release SEL|x86
		{F7A35F28-7139-4D58-A03A-031BD2E8C1C2}.Linux Release SEL|x86.Build.0 = Linux Release SEL|x86
		{F7A35F28-7139-4D58-A03A-031BD2E8C1C2}.Linux Release|Any CPU.ActiveCfg = Linux Release|Any CPU
		{F7A35F28-7139-4D58-A03A-031BD2E8C1C2}.Linux Release|Any CPU.Build.0 = Linux Release|Any CPU
		{F7A35F28-7139-4D58-A03A-031BD2E8C1C2}.Linux Release|x86.ActiveCfg = Linux Release|x86
		{F7A35F28-7139-4D58-A03A-031BD2E8C1C2}.Linux Release|x86.Build.0 = Linux Release|x86
		{F7A35F28-7139-4D58-A03A-031BD2E8C1C2}.Linux Zee Debug|Any CPU.ActiveCfg = Linux Zee Debug|Any CPU
		{F7A35F28-7139-4D58-A03A-031BD2E8C1C2}.Linux Zee Debug|Any CPU.Build.0 = Linux Zee Debug|Any CPU
		{F7A35F28-7139-4D58-A03A-031BD2E8C1C2}.Linux Zee Debug|x86.ActiveCfg = Linux Zee Debug|x86
		{F7A35F28-7139-4D58-A03A-031BD2E8C1C2}.Linux Zee Debug|x86.Build.0 = Linux Zee Debug|x86
		{F7A35F28-7139-4D58-A03A-031BD2E8C1C2}.Linux Zee Plus Release|Any CPU.ActiveCfg = Linux Zee Plus Release|Any CPU
		{F7A35F28-7139-4D58-A03A-031BD2E8C1C2}.Linux Zee Plus Release|Any CPU.Build.0 = Linux Zee Plus Release|Any CPU
		{F7A35F28-7139-4D58-A03A-031BD2E8C1C2}.Linux Zee Plus Release|x86.ActiveCfg = Linux Zee Plus Release|x86
		{F7A35F28-7139-4D58-A03A-031BD2E8C1C2}.Linux Zee Plus Release|x86.Build.0 = Linux Zee Plus Release|x86
		{F7A35F28-7139-4D58-A03A-031BD2E8C1C2}.Linux Zee Release ASCII|Any CPU.ActiveCfg = Linux Zee Release ASCII|Any CPU
		{F7A35F28-7139-4D58-A03A-031BD2E8C1C2}.Linux Zee Release ASCII|Any CPU.Build.0 = Linux Zee Release ASCII|Any CPU
		{F7A35F28-7139-4D58-A03A-031BD2E8C1C2}.Linux Zee Release ASCII|x86.ActiveCfg = Linux Zee Release ASCII|x86
		{F7A35F28-7139-4D58-A03A-031BD2E8C1C2}.Linux Zee Release ASCII|x86.Build.0 = Linux Zee Release ASCII|x86
		{F7A35F28-7139-4D58-A03A-031BD2E8C1C2}.Linux Zee Release|Any CPU.ActiveCfg = Linux Zee Release|Any CPU
		{F7A35F28-7139-4D58-A03A-031BD2E8C1C2}.Linux Zee Release|Any CPU.Build.0 = Linux Zee Release|Any CPU
		{F7A35F28-7139-4D58-A03A-031BD2E8C1C2}.Linux Zee Release|x86.ActiveCfg = Linux Zee Release|x86
		{F7A35F28-7139-4D58-A03A-031BD2E8C1C2}.Linux Zee Release|x86.Build.0 = Linux Zee Release|x86
		{F7A35F28-7139-4D58-A03A-031BD2E8C1C2}.Linux ZeePlus Release|Any CPU.ActiveCfg = Linux ZeePlus Release|Any CPU
		{F7A35F28-7139-4D58-A03A-031BD2E8C1C2}.Linux ZeePlus Release|Any CPU.Build.0 = Linux ZeePlus Release|Any CPU
		{F7A35F28-7139-4D58-A03A-031BD2E8C1C2}.Linux ZeePlus Release|x86.ActiveCfg = Linux ZeePlus Release|x86
		{F7A35F28-7139-4D58-A03A-031BD2E8C1C2}.Linux ZeePlus Release|x86.Build.0 = Linux ZeePlus Release|x86
		{F7A35F28-7139-4D58-A03A-031BD2E8C1C2}.Release|Any CPU.ActiveCfg = Release|Any CPU
		{F7A35F28-7139-4D58-A03A-031BD2E8C1C2}.Release|Any CPU.Build.0 = Release|Any CPU
		{F7A35F28-7139-4D58-A03A-031BD2E8C1C2}.Release|x86.ActiveCfg = Release|x86
		{F7A35F28-7139-4D58-A03A-031BD2E8C1C2}.Release|x86.Build.0 = Release|x86
		{61925623-4286-4ABF-A792-D5029A2114FB}.Debug|Any CPU.ActiveCfg = Debug|Any CPU
		{61925623-4286-4ABF-A792-D5029A2114FB}.Debug|Any CPU.Build.0 = Debug|Any CPU
		{61925623-4286-4ABF-A792-D5029A2114FB}.Debug|x86.ActiveCfg = Debug|x86
		{61925623-4286-4ABF-A792-D5029A2114FB}.Debug|x86.Build.0 = Debug|x86
		{61925623-4286-4ABF-A792-D5029A2114FB}.HTZEES2|Any CPU.ActiveCfg = HTZEES2|Any CPU
		{61925623-4286-4ABF-A792-D5029A2114FB}.HTZEES2|Any CPU.Build.0 = HTZEES2|Any CPU
		{61925623-4286-4ABF-A792-D5029A2114FB}.HTZEES2|x86.ActiveCfg = HTZEES2|x86
		{61925623-4286-4ABF-A792-D5029A2114FB}.HTZEES2|x86.Build.0 = HTZEES2|x86
		{61925623-4286-4ABF-A792-D5029A2114FB}.HTZEES2ASCII|Any CPU.ActiveCfg = HTZEES2ASCII|Any CPU
		{61925623-4286-4ABF-A792-D5029A2114FB}.HTZEES2ASCII|Any CPU.Build.0 = HTZEES2ASCII|Any CPU
		{61925623-4286-4ABF-A792-D5029A2114FB}.HTZEES2ASCII|x86.ActiveCfg = HTZEES2ASCII|x86
		{61925623-4286-4ABF-A792-D5029A2114FB}.HTZEES2ASCII|x86.Build.0 = HTZEES2ASCII|x86
		{61925623-4286-4ABF-A792-D5029A2114FB}.Linux Debug|Any CPU.ActiveCfg = Linux Debug|Any CPU
		{61925623-4286-4ABF-A792-D5029A2114FB}.Linux Debug|Any CPU.Build.0 = Linux Debug|Any CPU
		{61925623-4286-4ABF-A792-D5029A2114FB}.Linux Debug|x86.ActiveCfg = Linux Debug|x86
		{61925623-4286-4ABF-A792-D5029A2114FB}.Linux Debug|x86.Build.0 = Linux Debug|x86
		{61925623-4286-4ABF-A792-D5029A2114FB}.Linux Release SEL|Any CPU.ActiveCfg = Linux Release SEL|Any CPU
		{61925623-4286-4ABF-A792-D5029A2114FB}.Linux Release SEL|Any CPU.Build.0 = Linux Release SEL|Any CPU
		{61925623-4286-4ABF-A792-D5029A2114FB}.Linux Release SEL|x86.ActiveCfg = Linux Release SEL|x86
		{61925623-4286-4ABF-A792-D5029A2114FB}.Linux Release SEL|x86.Build.0 = Linux Release SEL|x86
		{61925623-4286-4ABF-A792-D5029A2114FB}.Linux Release|Any CPU.ActiveCfg = Linux Release|Any CPU
		{61925623-4286-4ABF-A792-D5029A2114FB}.Linux Release|Any CPU.Build.0 = Linux Release|Any CPU
		{61925623-4286-4ABF-A792-D5029A2114FB}.Linux Release|x86.ActiveCfg = Linux Release|x86
		{61925623-4286-4ABF-A792-D5029A2114FB}.Linux Release|x86.Build.0 = Linux Release|x86
		{61925623-4286-4ABF-A792-D5029A2114FB}.Linux Zee Debug|Any CPU.ActiveCfg = Linux Zee Debug|Any CPU
		{61925623-4286-4ABF-A792-D5029A2114FB}.Linux Zee Debug|Any CPU.Build.0 = Linux Zee Debug|Any CPU
		{61925623-4286-4ABF-A792-D5029A2114FB}.Linux Zee Debug|x86.ActiveCfg = Linux Zee Debug|x86
		{61925623-4286-4ABF-A792-D5029A2114FB}.Linux Zee Debug|x86.Build.0 = Linux Zee Debug|x86
		{61925623-4286-4ABF-A792-D5029A2114FB}.Linux Zee Plus Release|Any CPU.ActiveCfg = Linux Zee Plus Release|Any CPU
		{61925623-4286-4ABF-A792-D5029A2114FB}.Linux Zee Plus Release|Any CPU.Build.0 = Linux Zee Plus Release|Any CPU
		{61925623-4286-4ABF-A792-D5029A2114FB}.Linux Zee Plus Release|x86.ActiveCfg = Linux Zee Plus Release|x86
		{61925623-4286-4ABF-A792-D5029A2114FB}.Linux Zee Plus Release|x86.Build.0 = Linux Zee Plus Release|x86
		{61925623-4286-4ABF-A792-D5029A2114FB}.Linux Zee Release ASCII|Any CPU.ActiveCfg = Linux Zee Release ASCII|Any CPU
		{61925623-4286-4ABF-A792-D5029A2114FB}.Linux Zee Release ASCII|Any CPU.Build.0 = Linux Zee Release ASCII|Any CPU
		{61925623-4286-4ABF-A792-D5029A2114FB}.Linux Zee Release ASCII|x86.ActiveCfg = Linux Zee Release ASCII|x86
		{61925623-4286-4ABF-A792-D5029A2114FB}.Linux Zee Release ASCII|x86.Build.0 = Linux Zee Release ASCII|x86
		{61925623-4286-4ABF-A792-D5029A2114FB}.Linux Zee Release|Any CPU.ActiveCfg = Linux Zee Release|Any CPU
		{61925623-4286-4ABF-A792-D5029A2114FB}.Linux Zee Release|Any CPU.Build.0 = Linux Zee Release|Any CPU
		{61925623-4286-4ABF-A792-D5029A2114FB}.Linux Zee Release|x86.ActiveCfg = Linux Zee Release|x86
		{61925623-4286-4ABF-A792-D5029A2114FB}.Linux Zee Release|x86.Build.0 = Linux Zee Release|x86
		{61925623-4286-4ABF-A792-D5029A2114FB}.Linux ZeePlus Release|Any CPU.ActiveCfg = Linux ZeePlus Release|Any CPU
		{61925623-4286-4ABF-A792-D5029A2114FB}.Linux ZeePlus Release|Any CPU.Build.0 = Linux ZeePlus Release|Any CPU
		{61925623-4286-4ABF-A792-D5029A2114FB}.Linux ZeePlus Release|x86.ActiveCfg = Linux ZeePlus Release|x86
		{61925623-4286-4ABF-A792-D5029A2114FB}.Linux ZeePlus Release|x86.Build.0 = Linux ZeePlus Release|x86
		{61925623-4286-4ABF-A792-D5029A2114FB}.Release|Any CPU.ActiveCfg = Release|Any CPU
		{61925623-4286-4ABF-A792-D5029A2114FB}.Release|Any CPU.Build.0 = Release|Any CPU
		{61925623-4286-4ABF-A792-D5029A2114FB}.Release|x86.ActiveCfg = Release|x86
		{61925623-4286-4ABF-A792-D5029A2114FB}.Release|x86.Build.0 = Release|x86
		{A3B6D762-301C-41C3-8C70-1924E89BA9A5}.Debug|Any CPU.ActiveCfg = Debug|Any CPU
		{A3B6D762-301C-41C3-8C70-1924E89BA9A5}.Debug|Any CPU.Build.0 = Debug|Any CPU
		{A3B6D762-301C-41C3-8C70-1924E89BA9A5}.Debug|x86.ActiveCfg = Debug|x86
		{A3B6D762-301C-41C3-8C70-1924E89BA9A5}.Debug|x86.Build.0 = Debug|x86
		{A3B6D762-301C-41C3-8C70-1924E89BA9A5}.HTZEES2|Any CPU.ActiveCfg = Linux Zee Release|Any CPU
		{A3B6D762-301C-41C3-8C70-1924E89BA9A5}.HTZEES2|Any CPU.Build.0 = Linux Zee Release|Any CPU
		{A3B6D762-301C-41C3-8C70-1924E89BA9A5}.HTZEES2|x86.ActiveCfg = Linux Zee Release|x86
		{A3B6D762-301C-41C3-8C70-1924E89BA9A5}.HTZEES2|x86.Build.0 = Linux Zee Release|x86
		{A3B6D762-301C-41C3-8C70-1924E89BA9A5}.HTZEES2ASCII|Any CPU.ActiveCfg = Linux Zee Release|Any CPU
		{A3B6D762-301C-41C3-8C70-1924E89BA9A5}.HTZEES2ASCII|Any CPU.Build.0 = Linux Zee Release|Any CPU
		{A3B6D762-301C-41C3-8C70-1924E89BA9A5}.HTZEES2ASCII|x86.ActiveCfg = Linux Zee Release|x86
		{A3B6D762-301C-41C3-8C70-1924E89BA9A5}.HTZEES2ASCII|x86.Build.0 = Linux Zee Release|x86
		{A3B6D762-301C-41C3-8C70-1924E89BA9A5}.Linux Debug|Any CPU.ActiveCfg = Linux Debug|Any CPU
		{A3B6D762-301C-41C3-8C70-1924E89BA9A5}.Linux Debug|Any CPU.Build.0 = Linux Debug|Any CPU
		{A3B6D762-301C-41C3-8C70-1924E89BA9A5}.Linux Debug|x86.ActiveCfg = Linux Debug|x86
		{A3B6D762-301C-41C3-8C70-1924E89BA9A5}.Linux Debug|x86.Build.0 = Linux Debug|x86
		{A3B6D762-301C-41C3-8C70-1924E89BA9A5}.Linux Release SEL|Any CPU.ActiveCfg = Linux Release|Any CPU
		{A3B6D762-301C-41C3-8C70-1924E89BA9A5}.Linux Release SEL|Any CPU.Build.0 = Linux Release|Any CPU
		{A3B6D762-301C-41C3-8C70-1924E89BA9A5}.Linux Release SEL|x86.ActiveCfg = Linux Release|x86
		{A3B6D762-301C-41C3-8C70-1924E89BA9A5}.Linux Release SEL|x86.Build.0 = Linux Release|x86
		{A3B6D762-301C-41C3-8C70-1924E89BA9A5}.Linux Release|Any CPU.ActiveCfg = Linux Release|Any CPU
		{A3B6D762-301C-41C3-8C70-1924E89BA9A5}.Linux Release|Any CPU.Build.0 = Linux Release|Any CPU
		{A3B6D762-301C-41C3-8C70-1924E89BA9A5}.Linux Release|x86.ActiveCfg = Linux Release|x86
		{A3B6D762-301C-41C3-8C70-1924E89BA9A5}.Linux Release|x86.Build.0 = Linux Release|x86
		{A3B6D762-301C-41C3-8C70-1924E89BA9A5}.Linux Zee Debug|Any CPU.ActiveCfg = Linux Zee Debug|Any CPU
		{A3B6D762-301C-41C3-8C70-1924E89BA9A5}.Linux Zee Debug|Any CPU.Build.0 = Linux Zee Debug|Any CPU
		{A3B6D762-301C-41C3-8C70-1924E89BA9A5}.Linux Zee Debug|x86.ActiveCfg = Linux Zee Debug|x86
		{A3B6D762-301C-41C3-8C70-1924E89BA9A5}.Linux Zee Debug|x86.Build.0 = Linux Zee Debug|x86
		{A3B6D762-301C-41C3-8C70-1924E89BA9A5}.Linux Zee Plus Release|Any CPU.ActiveCfg = Linux Zee Release|Any CPU
		{A3B6D762-301C-41C3-8C70-1924E89BA9A5}.Linux Zee Plus Release|Any CPU.Build.0 = Linux Zee Release|Any CPU
		{A3B6D762-301C-41C3-8C70-1924E89BA9A5}.Linux Zee Plus Release|x86.ActiveCfg = Linux Zee Release|x86
		{A3B6D762-301C-41C3-8C70-1924E89BA9A5}.Linux Zee Plus Release|x86.Build.0 = Linux Zee Release|x86
		{A3B6D762-301C-41C3-8C70-1924E89BA9A5}.Linux Zee Release ASCII|Any CPU.ActiveCfg = Linux Zee Release|Any CPU
		{A3B6D762-301C-41C3-8C70-1924E89BA9A5}.Linux Zee Release ASCII|Any CPU.Build.0 = Linux Zee Release|Any CPU
		{A3B6D762-301C-41C3-8C70-1924E89BA9A5}.Linux Zee Release ASCII|x86.ActiveCfg = Linux Zee Release|x86
		{A3B6D762-301C-41C3-8C70-1924E89BA9A5}.Linux Zee Release ASCII|x86.Build.0 = Linux Zee Release|x86
		{A3B6D762-301C-41C3-8C70-1924E89BA9A5}.Linux Zee Release|Any CPU.ActiveCfg = Linux Zee Release|Any CPU
		{A3B6D762-301C-41C3-8C70-1924E89BA9A5}.Linux Zee Release|Any CPU.Build.0 = Linux Zee Release|Any CPU
		{A3B6D762-301C-41C3-8C70-1924E89BA9A5}.Linux Zee Release|x86.ActiveCfg = Linux Zee Release|x86
		{A3B6D762-301C-41C3-8C70-1924E89BA9A5}.Linux Zee Release|x86.Build.0 = Linux Zee Release|x86
		{A3B6D762-301C-41C3-8C70-1924E89BA9A5}.Linux ZeePlus Release|Any CPU.ActiveCfg = Linux Zee Release|Any CPU
		{A3B6D762-301C-41C3-8C70-1924E89BA9A5}.Linux ZeePlus Release|Any CPU.Build.0 = Linux Zee Release|Any CPU
		{A3B6D762-301C-41C3-8C70-1924E89BA9A5}.Linux ZeePlus Release|x86.ActiveCfg = Linux Zee Release|x86
		{A3B6D762-301C-41C3-8C70-1924E89BA9A5}.Linux ZeePlus Release|x86.Build.0 = Linux Zee Release|x86
		{A3B6D762-301C-41C3-8C70-1924E89BA9A5}.Release|Any CPU.ActiveCfg = Release|Any CPU
		{A3B6D762-301C-41C3-8C70-1924E89BA9A5}.Release|Any CPU.Build.0 = Release|Any CPU
		{A3B6D762-301C-41C3-8C70-1924E89BA9A5}.Release|x86.ActiveCfg = Release|x86
		{A3B6D762-301C-41C3-8C70-1924E89BA9A5}.Release|x86.Build.0 = Release|x86
		{22AF75E4-F77B-4C29-B591-4B771C52CF49}.Debug|Any CPU.ActiveCfg = Debug|Any CPU
		{22AF75E4-F77B-4C29-B591-4B771C52CF49}.Debug|Any CPU.Build.0 = Debug|Any CPU
		{22AF75E4-F77B-4C29-B591-4B771C52CF49}.Debug|x86.ActiveCfg = Debug|Any CPU
		{22AF75E4-F77B-4C29-B591-4B771C52CF49}.Debug|x86.Build.0 = Debug|Any CPU
		{22AF75E4-F77B-4C29-B591-4B771C52CF49}.HTZEES2|Any CPU.ActiveCfg = Release|Any CPU
		{22AF75E4-F77B-4C29-B591-4B771C52CF49}.HTZEES2|Any CPU.Build.0 = Release|Any CPU
		{22AF75E4-F77B-4C29-B591-4B771C52CF49}.HTZEES2|x86.ActiveCfg = Release|Any CPU
		{22AF75E4-F77B-4C29-B591-4B771C52CF49}.HTZEES2|x86.Build.0 = Release|Any CPU
		{22AF75E4-F77B-4C29-B591-4B771C52CF49}.HTZEES2ASCII|Any CPU.ActiveCfg = Release|Any CPU
		{22AF75E4-F77B-4C29-B591-4B771C52CF49}.HTZEES2ASCII|Any CPU.Build.0 = Release|Any CPU
		{22AF75E4-F77B-4C29-B591-4B771C52CF49}.HTZEES2ASCII|x86.ActiveCfg = Release|Any CPU
		{22AF75E4-F77B-4C29-B591-4B771C52CF49}.HTZEES2ASCII|x86.Build.0 = Release|Any CPU
		{22AF75E4-F77B-4C29-B591-4B771C52CF49}.Linux Debug|Any CPU.ActiveCfg = Debug|Any CPU
		{22AF75E4-F77B-4C29-B591-4B771C52CF49}.Linux Debug|Any CPU.Build.0 = Debug|Any CPU
		{22AF75E4-F77B-4C29-B591-4B771C52CF49}.Linux Debug|x86.ActiveCfg = Debug|Any CPU
		{22AF75E4-F77B-4C29-B591-4B771C52CF49}.Linux Debug|x86.Build.0 = Debug|Any CPU
		{22AF75E4-F77B-4C29-B591-4B771C52CF49}.Linux Release SEL|Any CPU.ActiveCfg = Release|Any CPU
		{22AF75E4-F77B-4C29-B591-4B771C52CF49}.Linux Release SEL|Any CPU.Build.0 = Release|Any CPU
		{22AF75E4-F77B-4C29-B591-4B771C52CF49}.Linux Release SEL|x86.ActiveCfg = Release|Any CPU
		{22AF75E4-F77B-4C29-B591-4B771C52CF49}.Linux Release SEL|x86.Build.0 = Release|Any CPU
		{22AF75E4-F77B-4C29-B591-4B771C52CF49}.Linux Release|Any CPU.ActiveCfg = Release|Any CPU
		{22AF75E4-F77B-4C29-B591-4B771C52CF49}.Linux Release|Any CPU.Build.0 = Release|Any CPU
		{22AF75E4-F77B-4C29-B591-4B771C52CF49}.Linux Release|x86.ActiveCfg = Release|Any CPU
		{22AF75E4-F77B-4C29-B591-4B771C52CF49}.Linux Release|x86.Build.0 = Release|Any CPU
		{22AF75E4-F77B-4C29-B591-4B771C52CF49}.Linux Zee Debug|Any CPU.ActiveCfg = Debug|Any CPU
		{22AF75E4-F77B-4C29-B591-4B771C52CF49}.Linux Zee Debug|Any CPU.Build.0 = Debug|Any CPU
		{22AF75E4-F77B-4C29-B591-4B771C52CF49}.Linux Zee Debug|x86.ActiveCfg = Debug|Any CPU
		{22AF75E4-F77B-4C29-B591-4B771C52CF49}.Linux Zee Debug|x86.Build.0 = Debug|Any CPU
		{22AF75E4-F77B-4C29-B591-4B771C52CF49}.Linux Zee Plus Release|Any CPU.ActiveCfg = Release|Any CPU
		{22AF75E4-F77B-4C29-B591-4B771C52CF49}.Linux Zee Plus Release|Any CPU.Build.0 = Release|Any CPU
		{22AF75E4-F77B-4C29-B591-4B771C52CF49}.Linux Zee Plus Release|x86.ActiveCfg = Release|Any CPU
		{22AF75E4-F77B-4C29-B591-4B771C52CF49}.Linux Zee Plus Release|x86.Build.0 = Release|Any CPU
		{22AF75E4-F77B-4C29-B591-4B771C52CF49}.Linux Zee Release ASCII|Any CPU.ActiveCfg = Release|Any CPU
		{22AF75E4-F77B-4C29-B591-4B771C52CF49}.Linux Zee Release ASCII|Any CPU.Build.0 = Release|Any CPU
		{22AF75E4-F77B-4C29-B591-4B771C52CF49}.Linux Zee Release ASCII|x86.ActiveCfg = Release|Any CPU
		{22AF75E4-F77B-4C29-B591-4B771C52CF49}.Linux Zee Release ASCII|x86.Build.0 = Release|Any CPU
		{22AF75E4-F77B-4C29-B591-4B771C52CF49}.Linux Zee Release|Any CPU.ActiveCfg = Release|Any CPU
		{22AF75E4-F77B-4C29-B591-4B771C52CF49}.Linux Zee Release|Any CPU.Build.0 = Release|Any CPU
		{22AF75E4-F77B-4C29-B591-4B771C52CF49}.Linux Zee Release|x86.ActiveCfg = Release|Any CPU
		{22AF75E4-F77B-4C29-B591-4B771C52CF49}.Linux Zee Release|x86.Build.0 = Release|Any CPU
		{22AF75E4-F77B-4C29-B591-4B771C52CF49}.Linux ZeePlus Release|Any CPU.ActiveCfg = Release|Any CPU
		{22AF75E4-F77B-4C29-B591-4B771C52CF49}.Linux ZeePlus Release|Any CPU.Build.0 = Release|Any CPU
		{22AF75E4-F77B-4C29-B591-4B771C52CF49}.Linux ZeePlus Release|x86.ActiveCfg = Release|Any CPU
		{22AF75E4-F77B-4C29-B591-4B771C52CF49}.Linux ZeePlus Release|x86.Build.0 = Release|Any CPU
		{22AF75E4-F77B-4C29-B591-4B771C52CF49}.Release|Any CPU.ActiveCfg = Release|Any CPU
		{22AF75E4-F77B-4C29-B591-4B771C52CF49}.Release|Any CPU.Build.0 = Release|Any CPU
		{22AF75E4-F77B-4C29-B591-4B771C52CF49}.Release|x86.ActiveCfg = Release|Any CPU
		{22AF75E4-F77B-4C29-B591-4B771C52CF49}.Release|x86.Build.0 = Release|Any CPU
		{13BF9C3E-A6B1-4875-A08C-D255A2EF1086}.Debug|Any CPU.ActiveCfg = Debug|Any CPU
		{13BF9C3E-A6B1-4875-A08C-D255A2EF1086}.Debug|Any CPU.Build.0 = Debug|Any CPU
		{13BF9C3E-A6B1-4875-A08C-D255A2EF1086}.Debug|x86.ActiveCfg = Debug|Any CPU
		{13BF9C3E-A6B1-4875-A08C-D255A2EF1086}.Debug|x86.Build.0 = Debug|Any CPU
		{13BF9C3E-A6B1-4875-A08C-D255A2EF1086}.HTZEES2|Any CPU.ActiveCfg = Release|Any CPU
		{13BF9C3E-A6B1-4875-A08C-D255A2EF1086}.HTZEES2|Any CPU.Build.0 = Release|Any CPU
		{13BF9C3E-A6B1-4875-A08C-D255A2EF1086}.HTZEES2|x86.ActiveCfg = Release|Any CPU
		{13BF9C3E-A6B1-4875-A08C-D255A2EF1086}.HTZEES2|x86.Build.0 = Release|Any CPU
		{13BF9C3E-A6B1-4875-A08C-D255A2EF1086}.HTZEES2ASCII|Any CPU.ActiveCfg = Release|Any CPU
		{13BF9C3E-A6B1-4875-A08C-D255A2EF1086}.HTZEES2ASCII|Any CPU.Build.0 = Release|Any CPU
		{13BF9C3E-A6B1-4875-A08C-D255A2EF1086}.HTZEES2ASCII|x86.ActiveCfg = Release|Any CPU
		{13BF9C3E-A6B1-4875-A08C-D255A2EF1086}.HTZEES2ASCII|x86.Build.0 = Release|Any CPU
		{13BF9C3E-A6B1-4875-A08C-D255A2EF1086}.Linux Debug|Any CPU.ActiveCfg = Debug|Any CPU
		{13BF9C3E-A6B1-4875-A08C-D255A2EF1086}.Linux Debug|Any CPU.Build.0 = Debug|Any CPU
		{13BF9C3E-A6B1-4875-A08C-D255A2EF1086}.Linux Debug|x86.ActiveCfg = Debug|Any CPU
		{13BF9C3E-A6B1-4875-A08C-D255A2EF1086}.Linux Debug|x86.Build.0 = Debug|Any CPU
		{13BF9C3E-A6B1-4875-A08C-D255A2EF1086}.Linux Release SEL|Any CPU.ActiveCfg = Release|Any CPU
		{13BF9C3E-A6B1-4875-A08C-D255A2EF1086}.Linux Release SEL|Any CPU.Build.0 = Release|Any CPU
		{13BF9C3E-A6B1-4875-A08C-D255A2EF1086}.Linux Release SEL|x86.ActiveCfg = Release|Any CPU
		{13BF9C3E-A6B1-4875-A08C-D255A2EF1086}.Linux Release SEL|x86.Build.0 = Release|Any CPU
		{13BF9C3E-A6B1-4875-A08C-D255A2EF1086}.Linux Release|Any CPU.ActiveCfg = Release|Any CPU
		{13BF9C3E-A6B1-4875-A08C-D255A2EF1086}.Linux Release|Any CPU.Build.0 = Release|Any CPU
		{13BF9C3E-A6B1-4875-A08C-D255A2EF1086}.Linux Release|x86.ActiveCfg = Release|Any CPU
		{13BF9C3E-A6B1-4875-A08C-D255A2EF1086}.Linux Release|x86.Build.0 = Release|Any CPU
		{13BF9C3E-A6B1-4875-A08C-D255A2EF1086}.Linux Zee Debug|Any CPU.ActiveCfg = Debug|Any CPU
		{13BF9C3E-A6B1-4875-A08C-D255A2EF1086}.Linux Zee Debug|Any CPU.Build.0 = Debug|Any CPU
		{13BF9C3E-A6B1-4875-A08C-D255A2EF1086}.Linux Zee Debug|x86.ActiveCfg = Debug|Any CPU
		{13BF9C3E-A6B1-4875-A08C-D255A2EF1086}.Linux Zee Debug|x86.Build.0 = Debug|Any CPU
		{13BF9C3E-A6B1-4875-A08C-D255A2EF1086}.Linux Zee Plus Release|Any CPU.ActiveCfg = Release|Any CPU
		{13BF9C3E-A6B1-4875-A08C-D255A2EF1086}.Linux Zee Plus Release|Any CPU.Build.0 = Release|Any CPU
		{13BF9C3E-A6B1-4875-A08C-D255A2EF1086}.Linux Zee Plus Release|x86.ActiveCfg = Release|Any CPU
		{13BF9C3E-A6B1-4875-A08C-D255A2EF1086}.Linux Zee Plus Release|x86.Build.0 = Release|Any CPU
		{13BF9C3E-A6B1-4875-A08C-D255A2EF1086}.Linux Zee Release ASCII|Any CPU.ActiveCfg = Release|Any CPU
		{13BF9C3E-A6B1-4875-A08C-D255A2EF1086}.Linux Zee Release ASCII|Any CPU.Build.0 = Release|Any CPU
		{13BF9C3E-A6B1-4875-A08C-D255A2EF1086}.Linux Zee Release ASCII|x86.ActiveCfg = Release|Any CPU
		{13BF9C3E-A6B1-4875-A08C-D255A2EF1086}.Linux Zee Release ASCII|x86.Build.0 = Release|Any CPU
		{13BF9C3E-A6B1-4875-A08C-D255A2EF1086}.Linux Zee Release|Any CPU.ActiveCfg = Release|Any CPU
		{13BF9C3E-A6B1-4875-A08C-D255A2EF1086}.Linux Zee Release|Any CPU.Build.0 = Release|Any CPU
		{13BF9C3E-A6B1-4875-A08C-D255A2EF1086}.Linux Zee Release|x86.ActiveCfg = Release|Any CPU
		{13BF9C3E-A6B1-4875-A08C-D255A2EF1086}.Linux Zee Release|x86.Build.0 = Release|Any CPU
		{13BF9C3E-A6B1-4875-A08C-D255A2EF1086}.Linux ZeePlus Release|Any CPU.ActiveCfg = Release|Any CPU
		{13BF9C3E-A6B1-4875-A08C-D255A2EF1086}.Linux ZeePlus Release|Any CPU.Build.0 = Release|Any CPU
		{13BF9C3E-A6B1-4875-A08C-D255A2EF1086}.Linux ZeePlus Release|x86.ActiveCfg = Release|Any CPU
		{13BF9C3E-A6B1-4875-A08C-D255A2EF1086}.Linux ZeePlus Release|x86.Build.0 = Release|Any CPU
		{13BF9C3E-A6B1-4875-A08C-D255A2EF1086}.Release|Any CPU.ActiveCfg = Release|Any CPU
		{13BF9C3E-A6B1-4875-A08C-D255A2EF1086}.Release|Any CPU.Build.0 = Release|Any CPU
		{13BF9C3E-A6B1-4875-A08C-D255A2EF1086}.Release|x86.ActiveCfg = Release|Any CPU
		{13BF9C3E-A6B1-4875-A08C-D255A2EF1086}.Release|x86.Build.0 = Release|Any CPU
		{09900726-2DEA-411D-8369-1A1F6B3FD231}.Debug|Any CPU.ActiveCfg = Debug|Any CPU
		{09900726-2DEA-411D-8369-1A1F6B3FD231}.Debug|Any CPU.Build.0 = Debug|Any CPU
		{09900726-2DEA-411D-8369-1A1F6B3FD231}.Debug|x86.ActiveCfg = Debug|Any CPU
		{09900726-2DEA-411D-8369-1A1F6B3FD231}.Debug|x86.Build.0 = Debug|Any CPU
		{09900726-2DEA-411D-8369-1A1F6B3FD231}.HTZEES2|Any CPU.ActiveCfg = Release|Any CPU
		{09900726-2DEA-411D-8369-1A1F6B3FD231}.HTZEES2|Any CPU.Build.0 = Release|Any CPU
		{09900726-2DEA-411D-8369-1A1F6B3FD231}.HTZEES2|x86.ActiveCfg = Release|Any CPU
		{09900726-2DEA-411D-8369-1A1F6B3FD231}.HTZEES2|x86.Build.0 = Release|Any CPU
		{09900726-2DEA-411D-8369-1A1F6B3FD231}.HTZEES2ASCII|Any CPU.ActiveCfg = Release|Any CPU
		{09900726-2DEA-411D-8369-1A1F6B3FD231}.HTZEES2ASCII|Any CPU.Build.0 = Release|Any CPU
		{09900726-2DEA-411D-8369-1A1F6B3FD231}.HTZEES2ASCII|x86.ActiveCfg = Release|Any CPU
		{09900726-2DEA-411D-8369-1A1F6B3FD231}.HTZEES2ASCII|x86.Build.0 = Release|Any CPU
		{09900726-2DEA-411D-8369-1A1F6B3FD231}.Linux Debug|Any CPU.ActiveCfg = Debug|Any CPU
		{09900726-2DEA-411D-8369-1A1F6B3FD231}.Linux Debug|Any CPU.Build.0 = Debug|Any CPU
		{09900726-2DEA-411D-8369-1A1F6B3FD231}.Linux Debug|x86.ActiveCfg = Debug|Any CPU
		{09900726-2DEA-411D-8369-1A1F6B3FD231}.Linux Debug|x86.Build.0 = Debug|Any CPU
		{09900726-2DEA-411D-8369-1A1F6B3FD231}.Linux Release SEL|Any CPU.ActiveCfg = Release|Any CPU
		{09900726-2DEA-411D-8369-1A1F6B3FD231}.Linux Release SEL|Any CPU.Build.0 = Release|Any CPU
		{09900726-2DEA-411D-8369-1A1F6B3FD231}.Linux Release SEL|x86.ActiveCfg = Release|Any CPU
		{09900726-2DEA-411D-8369-1A1F6B3FD231}.Linux Release SEL|x86.Build.0 = Release|Any CPU
		{09900726-2DEA-411D-8369-1A1F6B3FD231}.Linux Release|Any CPU.ActiveCfg = Release|Any CPU
		{09900726-2DEA-411D-8369-1A1F6B3FD231}.Linux Release|Any CPU.Build.0 = Release|Any CPU
		{09900726-2DEA-411D-8369-1A1F6B3FD231}.Linux Release|x86.ActiveCfg = Release|Any CPU
		{09900726-2DEA-411D-8369-1A1F6B3FD231}.Linux Release|x86.Build.0 = Release|Any CPU
		{09900726-2DEA-411D-8369-1A1F6B3FD231}.Linux Zee Debug|Any CPU.ActiveCfg = Debug|Any CPU
		{09900726-2DEA-411D-8369-1A1F6B3FD231}.Linux Zee Debug|Any CPU.Build.0 = Debug|Any CPU
		{09900726-2DEA-411D-8369-1A1F6B3FD231}.Linux Zee Debug|x86.ActiveCfg = Debug|Any CPU
		{09900726-2DEA-411D-8369-1A1F6B3FD231}.Linux Zee Debug|x86.Build.0 = Debug|Any CPU
		{09900726-2DEA-411D-8369-1A1F6B3FD231}.Linux Zee Plus Release|Any CPU.ActiveCfg = Release|Any CPU
		{09900726-2DEA-411D-8369-1A1F6B3FD231}.Linux Zee Plus Release|Any CPU.Build.0 = Release|Any CPU
		{09900726-2DEA-411D-8369-1A1F6B3FD231}.Linux Zee Plus Release|x86.ActiveCfg = Release|Any CPU
		{09900726-2DEA-411D-8369-1A1F6B3FD231}.Linux Zee Plus Release|x86.Build.0 = Release|Any CPU
		{09900726-2DEA-411D-8369-1A1F6B3FD231}.Linux Zee Release ASCII|Any CPU.ActiveCfg = Release|Any CPU
		{09900726-2DEA-411D-8369-1A1F6B3FD231}.Linux Zee Release ASCII|Any CPU.Build.0 = Release|Any CPU
		{09900726-2DEA-411D-8369-1A1F6B3FD231}.Linux Zee Release ASCII|x86.ActiveCfg = Release|Any CPU
		{09900726-2DEA-411D-8369-1A1F6B3FD231}.Linux Zee Release ASCII|x86.Build.0 = Release|Any CPU
		{09900726-2DEA-411D-8369-1A1F6B3FD231}.Linux Zee Release|Any CPU.ActiveCfg = Release|Any CPU
		{09900726-2DEA-411D-8369-1A1F6B3FD231}.Linux Zee Release|Any CPU.Build.0 = Release|Any CPU
		{09900726-2DEA-411D-8369-1A1F6B3FD231}.Linux Zee Release|x86.ActiveCfg = Release|Any CPU
		{09900726-2DEA-411D-8369-1A1F6B3FD231}.Linux Zee Release|x86.Build.0 = Release|Any CPU
		{09900726-2DEA-411D-8369-1A1F6B3FD231}.Linux ZeePlus Release|Any CPU.ActiveCfg = Release|Any CPU
		{09900726-2DEA-411D-8369-1A1F6B3FD231}.Linux ZeePlus Release|Any CPU.Build.0 = Release|Any CPU
		{09900726-2DEA-411D-8369-1A1F6B3FD231}.Linux ZeePlus Release|x86.ActiveCfg = Release|Any CPU
		{09900726-2DEA-411D-8369-1A1F6B3FD231}.Linux ZeePlus Release|x86.Build.0 = Release|Any CPU
		{09900726-2DEA-411D-8369-1A1F6B3FD231}.Release|Any CPU.ActiveCfg = Release|Any CPU
		{09900726-2DEA-411D-8369-1A1F6B3FD231}.Release|Any CPU.Build.0 = Release|Any CPU
		{09900726-2DEA-411D-8369-1A1F6B3FD231}.Release|x86.ActiveCfg = Release|Any CPU
		{09900726-2DEA-411D-8369-1A1F6B3FD231}.Release|x86.Build.0 = Release|Any CPU
	EndGlobalSection
	GlobalSection(SolutionProperties) = preSolution
		HideSolutionNode = FALSE
	EndGlobalSection
	GlobalSection(NestedProjects) = preSolution
		{B2550542-2064-4520-B79F-9A3685D6A0CE} = {85A80E33-7B0C-4913-A709-F98A7F32829A}
		{56725C85-3A26-4FA9-9CE4-CACDDEFF9603} = {91502416-B0AF-45EA-80A5-A35F0A497096}
		{CAA3F9D3-4647-48DE-8BA7-32AC317B046D} = {91502416-B0AF-45EA-80A5-A35F0A497096}
		{8F609EDB-0CFF-4B67-A7ED-265331C90F91} = {91502416-B0AF-45EA-80A5-A35F0A497096}
		{B00BD583-D633-4CA1-B66C-EA78BC906023} = {91502416-B0AF-45EA-80A5-A35F0A497096}
		{A7D38B6C-9F00-4D20-9D3F-30069E317421} = {9B5DF5E4-3486-4DE8-BEF8-3A41C413E14D}
		{64189C38-D99C-4799-9C63-1E7AD7A83F5A} = {9B5DF5E4-3486-4DE8-BEF8-3A41C413E14D}
		{F7A35F28-7139-4D58-A03A-031BD2E8C1C2} = {9B5DF5E4-3486-4DE8-BEF8-3A41C413E14D}
		{61925623-4286-4ABF-A792-D5029A2114FB} = {9B5DF5E4-3486-4DE8-BEF8-3A41C413E14D}
		{A3B6D762-301C-41C3-8C70-1924E89BA9A5} = {9B5DF5E4-3486-4DE8-BEF8-3A41C413E14D}
		{22AF75E4-F77B-4C29-B591-4B771C52CF49} = {9B5DF5E4-3486-4DE8-BEF8-3A41C413E14D}
		{13BF9C3E-A6B1-4875-A08C-D255A2EF1086} = {9B5DF5E4-3486-4DE8-BEF8-3A41C413E14D}
		{09900726-2DEA-411D-8369-1A1F6B3FD231} = {9B5DF5E4-3486-4DE8-BEF8-3A41C413E14D}
		{91502416-B0AF-45EA-80A5-A35F0A497096} = {85A80E33-7B0C-4913-A709-F98A7F32829A}
		{9B5DF5E4-3486-4DE8-BEF8-3A41C413E14D} = {85A80E33-7B0C-4913-A709-F98A7F32829A}
	EndGlobalSection
EndGlobal
